// !$*UTF8*$!
{
	archiveVersion = 1;
	classes = {
	};
	objectVersion = 46;
	objects = {

/* Begin PBXBuildFile section */
		1AC6FB21180E996B004C840B /* libcocos2d Mac.a in Frameworks */ = {isa = PBXBuildFile; fileRef = 1AC6FAF9180E9839004C840B /* libcocos2d Mac.a */; };
		1AC6FB30180E99EB004C840B /* libcocos2d iOS.a in Frameworks */ = {isa = PBXBuildFile; fileRef = 1AC6FB07180E9839004C840B /* libcocos2d iOS.a */; };
		1D60589F0D05DD5A006BFB54 /* Foundation.framework in Frameworks */ = {isa = PBXBuildFile; fileRef = 1D30AB110D05D00D00671497 /* Foundation.framework */; };
		1DF5F4E00D08C38300B7A737 /* UIKit.framework in Frameworks */ = {isa = PBXBuildFile; fileRef = 1DF5F4DF0D08C38300B7A737 /* UIKit.framework */; };
		288765A50DF7441C002DB57D /* CoreGraphics.framework in Frameworks */ = {isa = PBXBuildFile; fileRef = 288765A40DF7441C002DB57D /* CoreGraphics.framework */; };
		3EACC98F19EE6D4300EB3C5E /* res in Resources */ = {isa = PBXBuildFile; fileRef = 3EACC98E19EE6D4300EB3C5E /* res */; };
		3EACC99019EE6D4300EB3C5E /* res in Resources */ = {isa = PBXBuildFile; fileRef = 3EACC98E19EE6D4300EB3C5E /* res */; };
		46880B7B19C43A67006E1F66 /* CloseNormal.png in Resources */ = {isa = PBXBuildFile; fileRef = 46880B7619C43A67006E1F66 /* CloseNormal.png */; };
		46880B7C19C43A67006E1F66 /* CloseNormal.png in Resources */ = {isa = PBXBuildFile; fileRef = 46880B7619C43A67006E1F66 /* CloseNormal.png */; };
		46880B7D19C43A67006E1F66 /* CloseSelected.png in Resources */ = {isa = PBXBuildFile; fileRef = 46880B7719C43A67006E1F66 /* CloseSelected.png */; };
		46880B7E19C43A67006E1F66 /* CloseSelected.png in Resources */ = {isa = PBXBuildFile; fileRef = 46880B7719C43A67006E1F66 /* CloseSelected.png */; };
		46880B8819C43A87006E1F66 /* AppDelegate.cpp in Sources */ = {isa = PBXBuildFile; fileRef = 46880B8419C43A87006E1F66 /* AppDelegate.cpp */; };
		46880B8919C43A87006E1F66 /* AppDelegate.cpp in Sources */ = {isa = PBXBuildFile; fileRef = 46880B8419C43A87006E1F66 /* AppDelegate.cpp */; };
		46880B8A19C43A87006E1F66 /* HelloWorldScene.cpp in Sources */ = {isa = PBXBuildFile; fileRef = 46880B8619C43A87006E1F66 /* HelloWorldScene.cpp */; };
		46880B8B19C43A87006E1F66 /* HelloWorldScene.cpp in Sources */ = {isa = PBXBuildFile; fileRef = 46880B8619C43A87006E1F66 /* HelloWorldScene.cpp */; };
		503AE0F817EB97AB00D1A890 /* Icon.icns in Resources */ = {isa = PBXBuildFile; fileRef = 503AE0F617EB97AB00D1A890 /* Icon.icns */; };
		503AE10017EB989F00D1A890 /* AppController.mm in Sources */ = {isa = PBXBuildFile; fileRef = 503AE0FB17EB989F00D1A890 /* AppController.mm */; };
		503AE10117EB989F00D1A890 /* main.m in Sources */ = {isa = PBXBuildFile; fileRef = 503AE0FC17EB989F00D1A890 /* main.m */; };
		503AE10217EB989F00D1A890 /* RootViewController.mm in Sources */ = {isa = PBXBuildFile; fileRef = 503AE0FF17EB989F00D1A890 /* RootViewController.mm */; };
		503AE10517EB98FF00D1A890 /* main.cpp in Sources */ = {isa = PBXBuildFile; fileRef = 503AE10317EB98FF00D1A890 /* main.cpp */; };
		503AE11217EB99EE00D1A890 /* libcurl.dylib in Frameworks */ = {isa = PBXBuildFile; fileRef = 503AE11117EB99EE00D1A890 /* libcurl.dylib */; };
		503AE11B17EB9C5A00D1A890 /* IOKit.framework in Frameworks */ = {isa = PBXBuildFile; fileRef = 503AE11A17EB9C5A00D1A890 /* IOKit.framework */; };
		5087E76317EB910900C73F5D /* Foundation.framework in Frameworks */ = {isa = PBXBuildFile; fileRef = 1D30AB110D05D00D00671497 /* Foundation.framework */; };
		5087E76717EB910900C73F5D /* libz.dylib in Frameworks */ = {isa = PBXBuildFile; fileRef = BF170DB412928DE900B8313A /* libz.dylib */; };
		5087E76817EB910900C73F5D /* QuartzCore.framework in Frameworks */ = {isa = PBXBuildFile; fileRef = BF1C47EA1293683800B63C5D /* QuartzCore.framework */; };
		5087E76917EB910900C73F5D /* OpenAL.framework in Frameworks */ = {isa = PBXBuildFile; fileRef = D44C620B132DFF330009C878 /* OpenAL.framework */; };
		5087E76A17EB910900C73F5D /* AVFoundation.framework in Frameworks */ = {isa = PBXBuildFile; fileRef = D44C620D132DFF430009C878 /* AVFoundation.framework */; };
		5087E76B17EB910900C73F5D /* AudioToolbox.framework in Frameworks */ = {isa = PBXBuildFile; fileRef = D44C620F132DFF4E0009C878 /* AudioToolbox.framework */; };
		5087E77D17EB970100C73F5D /* Default-568h@2x.png in Resources */ = {isa = PBXBuildFile; fileRef = 5087E77217EB970100C73F5D /* Default-568h@2x.png */; };
		5087E77E17EB970100C73F5D /* Default.png in Resources */ = {isa = PBXBuildFile; fileRef = 5087E77317EB970100C73F5D /* Default.png */; };
		5087E77F17EB970100C73F5D /* Default@2x.png in Resources */ = {isa = PBXBuildFile; fileRef = 5087E77417EB970100C73F5D /* Default@2x.png */; };
		5087E78017EB970100C73F5D /* Icon-114.png in Resources */ = {isa = PBXBuildFile; fileRef = 5087E77517EB970100C73F5D /* Icon-114.png */; };
		5087E78117EB970100C73F5D /* Icon-120.png in Resources */ = {isa = PBXBuildFile; fileRef = 5087E77617EB970100C73F5D /* Icon-120.png */; };
		5087E78217EB970100C73F5D /* Icon-144.png in Resources */ = {isa = PBXBuildFile; fileRef = 5087E77717EB970100C73F5D /* Icon-144.png */; };
		5087E78317EB970100C73F5D /* Icon-152.png in Resources */ = {isa = PBXBuildFile; fileRef = 5087E77817EB970100C73F5D /* Icon-152.png */; };
		5087E78417EB970100C73F5D /* Icon-57.png in Resources */ = {isa = PBXBuildFile; fileRef = 5087E77917EB970100C73F5D /* Icon-57.png */; };
		5087E78517EB970100C73F5D /* Icon-72.png in Resources */ = {isa = PBXBuildFile; fileRef = 5087E77A17EB970100C73F5D /* Icon-72.png */; };
		5087E78617EB970100C73F5D /* Icon-76.png in Resources */ = {isa = PBXBuildFile; fileRef = 5087E77B17EB970100C73F5D /* Icon-76.png */; };
		5087E78917EB974C00C73F5D /* AppKit.framework in Frameworks */ = {isa = PBXBuildFile; fileRef = 5087E78817EB974C00C73F5D /* AppKit.framework */; };
		5087E78B17EB975400C73F5D /* OpenGL.framework in Frameworks */ = {isa = PBXBuildFile; fileRef = 5087E78A17EB975400C73F5D /* OpenGL.framework */; };
		50EF629617ECD46A001EB2F8 /* Icon-40.png in Resources */ = {isa = PBXBuildFile; fileRef = 50EF629217ECD46A001EB2F8 /* Icon-40.png */; };
		50EF629717ECD46A001EB2F8 /* Icon-58.png in Resources */ = {isa = PBXBuildFile; fileRef = 50EF629317ECD46A001EB2F8 /* Icon-58.png */; };
		50EF629817ECD46A001EB2F8 /* Icon-80.png in Resources */ = {isa = PBXBuildFile; fileRef = 50EF629417ECD46A001EB2F8 /* Icon-80.png */; };
		50EF629917ECD46A001EB2F8 /* Icon-100.png in Resources */ = {isa = PBXBuildFile; fileRef = 50EF629517ECD46A001EB2F8 /* Icon-100.png */; };
		50EF62A217ECD613001EB2F8 /* Icon-29.png in Resources */ = {isa = PBXBuildFile; fileRef = 50EF62A017ECD613001EB2F8 /* Icon-29.png */; };
		50EF62A317ECD613001EB2F8 /* Icon-50.png in Resources */ = {isa = PBXBuildFile; fileRef = 50EF62A117ECD613001EB2F8 /* Icon-50.png */; };
		521A8E6419F0C34300D177D7 /* Default-667h@2x.png in Resources */ = {isa = PBXBuildFile; fileRef = 521A8E6219F0C34300D177D7 /* Default-667h@2x.png */; };
		521A8E6519F0C34300D177D7 /* Default-736h@3x.png in Resources */ = {isa = PBXBuildFile; fileRef = 521A8E6319F0C34300D177D7 /* Default-736h@3x.png */; };
		521A8EA919F11F5000D177D7 /* fonts in Resources */ = {isa = PBXBuildFile; fileRef = 521A8EA819F11F5000D177D7 /* fonts */; };
		521A8EAA19F11F5000D177D7 /* fonts in Resources */ = {isa = PBXBuildFile; fileRef = 521A8EA819F11F5000D177D7 /* fonts */; };
		BF171245129291EC00B8313A /* OpenGLES.framework in Frameworks */ = {isa = PBXBuildFile; fileRef = BF170DB012928DE900B8313A /* OpenGLES.framework */; };
		BF1712471292920000B8313A /* libz.dylib in Frameworks */ = {isa = PBXBuildFile; fileRef = BF170DB412928DE900B8313A /* libz.dylib */; };
		BF1C47F01293687400B63C5D /* QuartzCore.framework in Frameworks */ = {isa = PBXBuildFile; fileRef = BF1C47EA1293683800B63C5D /* QuartzCore.framework */; };
		CF078F4B1A31A8720042B5DC /* Sqlite3Helper.cpp in Sources */ = {isa = PBXBuildFile; fileRef = CF078F491A31A8720042B5DC /* Sqlite3Helper.cpp */; };
		CF1008A91A354DB90090DFEF /* SqlCell.cpp in Sources */ = {isa = PBXBuildFile; fileRef = CF1008A31A354DB90090DFEF /* SqlCell.cpp */; };
		CF1008AA1A354DB90090DFEF /* SqlColumn.cpp in Sources */ = {isa = PBXBuildFile; fileRef = CF1008A51A354DB90090DFEF /* SqlColumn.cpp */; };
		CF1008AB1A354DB90090DFEF /* SqlObject.cpp in Sources */ = {isa = PBXBuildFile; fileRef = CF1008A71A354DB90090DFEF /* SqlObject.cpp */; };
		CF1008B11A354DEA0090DFEF /* SqlRow.cpp in Sources */ = {isa = PBXBuildFile; fileRef = CF1008AE1A354DEA0090DFEF /* SqlRow.cpp */; };
		CF47740F1A6F5F0B005F6B4C /* libgoogle-analytics.a in Frameworks */ = {isa = PBXBuildFile; fileRef = CF47740E1A6F5DA4005F6B4C /* libgoogle-analytics.a */; };
		CF4774141A6F650D005F6B4C /* CoreData.framework in Frameworks */ = {isa = PBXBuildFile; fileRef = CF4774131A6F650D005F6B4C /* CoreData.framework */; };
		CF4774161A6F651C005F6B4C /* SystemConfiguration.framework in Frameworks */ = {isa = PBXBuildFile; fileRef = CF4774151A6F651C005F6B4C /* SystemConfiguration.framework */; };
		CF52651F1A450AAA00E05B1C /* iphone in Resources */ = {isa = PBXBuildFile; fileRef = CF52651E1A450AAA00E05B1C /* iphone */; };
		CF5265231A452A4100E05B1C /* HelloWorld.png in Resources */ = {isa = PBXBuildFile; fileRef = CF5265221A452A4100E05B1C /* HelloWorld.png */; };
		CF70043E1A36B2B300728153 /* SqliteTestScene.cpp in Sources */ = {isa = PBXBuildFile; fileRef = CF70043C1A36B2B300728153 /* SqliteTestScene.cpp */; };
		CF7004411A36B4E300728153 /* MapManager.cpp in Sources */ = {isa = PBXBuildFile; fileRef = CF70043F1A36B4E300728153 /* MapManager.cpp */; };
		CF7004451A36DFED00728153 /* square.png in Resources */ = {isa = PBXBuildFile; fileRef = CF7004421A36DFED00728153 /* square.png */; };
		CF7004461A36DFED00728153 /* starb.png in Resources */ = {isa = PBXBuildFile; fileRef = CF7004431A36DFED00728153 /* starb.png */; };
		CF7004471A36DFED00728153 /* stary.png in Resources */ = {isa = PBXBuildFile; fileRef = CF7004441A36DFED00728153 /* stary.png */; };
		CF70044A1A36E2E700728153 /* MapAreaLayer.cpp in Sources */ = {isa = PBXBuildFile; fileRef = CF7004481A36E2E700728153 /* MapAreaLayer.cpp */; };
		CF75958D1A0CAFA8005A9E46 /* libPluginProtocol.a in Frameworks */ = {isa = PBXBuildFile; fileRef = CF75958C1A0CAF7F005A9E46 /* libPluginProtocol.a */; };
		CF902D381A37009F00A535B2 /* MainGameLayer.cpp in Sources */ = {isa = PBXBuildFile; fileRef = CF902D361A37009F00A535B2 /* MainGameLayer.cpp */; };
		CFA8EC0E1A3936AC00FABAD3 /* ILabelSource.cpp in Sources */ = {isa = PBXBuildFile; fileRef = CFA8EBFE1A3936AC00FABAD3 /* ILabelSource.cpp */; };
		CFA8EC0F1A3936AC00FABAD3 /* UpdateableLabelTTF.cpp in Sources */ = {isa = PBXBuildFile; fileRef = CFA8EC001A3936AC00FABAD3 /* UpdateableLabelTTF.cpp */; };
		CFA8EC101A3936AC00FABAD3 /* CommonLayer.cpp in Sources */ = {isa = PBXBuildFile; fileRef = CFA8EC031A3936AC00FABAD3 /* CommonLayer.cpp */; };
		CFA8EC111A3936AC00FABAD3 /* PopupLayer.cpp in Sources */ = {isa = PBXBuildFile; fileRef = CFA8EC051A3936AC00FABAD3 /* PopupLayer.cpp */; };
		CFA8EC121A3936AC00FABAD3 /* TableLayer.cpp in Sources */ = {isa = PBXBuildFile; fileRef = CFA8EC071A3936AC00FABAD3 /* TableLayer.cpp */; };
		CFA8EC131A3936AC00FABAD3 /* TableView.cpp in Sources */ = {isa = PBXBuildFile; fileRef = CFA8EC0C1A3936AC00FABAD3 /* TableView.cpp */; };
		CFA8EC1C1A3937B700FABAD3 /* LobbyLayerCellView.cpp in Sources */ = {isa = PBXBuildFile; fileRef = CFA8EC181A3937B700FABAD3 /* LobbyLayerCellView.cpp */; };
		CFA8EC1D1A3937B700FABAD3 /* LobbyLayerView.cpp in Sources */ = {isa = PBXBuildFile; fileRef = CFA8EC1A1A3937B700FABAD3 /* LobbyLayerView.cpp */; };
		CFA8EC251A39447B00FABAD3 /* WordLayer.cpp in Sources */ = {isa = PBXBuildFile; fileRef = CFA8EC231A39447B00FABAD3 /* WordLayer.cpp */; };
		CFCD2D7F1A0C890A00154B04 /* FacebookSDK.framework in Frameworks */ = {isa = PBXBuildFile; fileRef = CFCD2D7E1A0C890A00154B04 /* FacebookSDK.framework */; };
		CFCD2D861A0C897300154B04 /* libPluginFacebook.a in Frameworks */ = {isa = PBXBuildFile; fileRef = CFCD2D851A0C896700154B04 /* libPluginFacebook.a */; };
		CFCD2D8D1A0CA6E000154B04 /* TestFacebookUserScene.cpp in Sources */ = {isa = PBXBuildFile; fileRef = CFCD2D8B1A0CA6E000154B04 /* TestFacebookUserScene.cpp */; };
		CFDE60AA1A0DBBCB00C78706 /* TestFacebookShare.cpp in Sources */ = {isa = PBXBuildFile; fileRef = CFDE60A81A0DBBCB00C78706 /* TestFacebookShare.cpp */; };
		CFDE60AE1A0DCE2400C78706 /* MediaPlayer.framework in Frameworks */ = {isa = PBXBuildFile; fileRef = CFDE60AD1A0DCE2400C78706 /* MediaPlayer.framework */; };
		CFDE60B01A0DCE2E00C78706 /* GameController.framework in Frameworks */ = {isa = PBXBuildFile; fileRef = CFDE60AF1A0DCE2E00C78706 /* GameController.framework */; };
		CFEFC1171A6E028000858DA5 /* PurchaseHelper.cpp in Sources */ = {isa = PBXBuildFile; fileRef = CFEFC1151A6E028000858DA5 /* PurchaseHelper.cpp */; };
		CFEFC1191A6E02BD00858DA5 /* StoreKit.framework in Frameworks */ = {isa = PBXBuildFile; fileRef = CFEFC1181A6E02BD00858DA5 /* StoreKit.framework */; };
		CFEFC11A1A6E02C900858DA5 /* libPluginIAP.a in Frameworks */ = {isa = PBXBuildFile; fileRef = CFEFC1111A6DFB6A00858DA5 /* libPluginIAP.a */; };
		CFEFC11E1A6E0B5400858DA5 /* IosInappHelper.cpp in Sources */ = {isa = PBXBuildFile; fileRef = CFEFC11C1A6E0B5400858DA5 /* IosInappHelper.cpp */; };
		CFEFC1211A6E1C7600858DA5 /* PurchaseTestLayer.cpp in Sources */ = {isa = PBXBuildFile; fileRef = CFEFC11F1A6E1C7600858DA5 /* PurchaseTestLayer.cpp */; };
		CFFA82E71A3A87710052C68D /* board.png in Resources */ = {isa = PBXBuildFile; fileRef = CFFA82E61A3A87710052C68D /* board.png */; };
		CFFE562C1A30649400CE2308 /* sqlite3.c in Sources */ = {isa = PBXBuildFile; fileRef = CFFE562A1A30649400CE2308 /* sqlite3.c */; };
		D44C620C132DFF330009C878 /* OpenAL.framework in Frameworks */ = {isa = PBXBuildFile; fileRef = D44C620B132DFF330009C878 /* OpenAL.framework */; };
		D44C620E132DFF430009C878 /* AVFoundation.framework in Frameworks */ = {isa = PBXBuildFile; fileRef = D44C620D132DFF430009C878 /* AVFoundation.framework */; };
		D44C6210132DFF4E0009C878 /* AudioToolbox.framework in Frameworks */ = {isa = PBXBuildFile; fileRef = D44C620F132DFF4E0009C878 /* AudioToolbox.framework */; };
		D6B0611B1803AB670077942B /* CoreMotion.framework in Frameworks */ = {isa = PBXBuildFile; fileRef = D6B0611A1803AB670077942B /* CoreMotion.framework */; };
/* End PBXBuildFile section */

/* Begin PBXContainerItemProxy section */
		1AC6FAF8180E9839004C840B /* PBXContainerItemProxy */ = {
			isa = PBXContainerItemProxy;
			containerPortal = 1AC6FAE5180E9839004C840B /* cocos2d_libs.xcodeproj */;
			proxyType = 2;
			remoteGlobalIDString = 1551A33F158F2AB200E66CFE;
			remoteInfo = "cocos2dx Mac";
		};
		1AC6FB06180E9839004C840B /* PBXContainerItemProxy */ = {
			isa = PBXContainerItemProxy;
			containerPortal = 1AC6FAE5180E9839004C840B /* cocos2d_libs.xcodeproj */;
			proxyType = 2;
			remoteGlobalIDString = A07A4D641783777C0073F6A7;
			remoteInfo = "cocos2dx iOS";
		};
		1AC6FB15180E9959004C840B /* PBXContainerItemProxy */ = {
			isa = PBXContainerItemProxy;
			containerPortal = 1AC6FAE5180E9839004C840B /* cocos2d_libs.xcodeproj */;
			proxyType = 1;
			remoteGlobalIDString = 1551A33E158F2AB200E66CFE;
			remoteInfo = "cocos2dx Mac";
		};
		1AC6FB24180E99E1004C840B /* PBXContainerItemProxy */ = {
			isa = PBXContainerItemProxy;
			containerPortal = 1AC6FAE5180E9839004C840B /* cocos2d_libs.xcodeproj */;
			proxyType = 1;
			remoteGlobalIDString = A07A4C241783777C0073F6A7;
			remoteInfo = "cocos2dx iOS";
		};
		CF47740D1A6F5DA4005F6B4C /* PBXContainerItemProxy */ = {
			isa = PBXContainerItemProxy;
			containerPortal = CF4774091A6F5DA3005F6B4C /* google-analytics.xcodeproj */;
			proxyType = 2;
			remoteGlobalIDString = CF86B2BF1A6E57690056179A;
			remoteInfo = "google-analytics";
		};
		CF75958B1A0CAF7F005A9E46 /* PBXContainerItemProxy */ = {
			isa = PBXContainerItemProxy;
			containerPortal = CF7595871A0CAF7F005A9E46 /* PluginProtocol.xcodeproj */;
			proxyType = 2;
			remoteGlobalIDString = FA09A321168ADBC2008C1C7B;
			remoteInfo = PluginProtocol;
		};
		CFCD2D841A0C896700154B04 /* PBXContainerItemProxy */ = {
			isa = PBXContainerItemProxy;
			containerPortal = CFCD2D801A0C896700154B04 /* PluginFacebook.xcodeproj */;
			proxyType = 2;
			remoteGlobalIDString = BA34A75D195AA8C7002D0ECD;
			remoteInfo = PluginFacebook;
		};
		CFEFC1101A6DFB6A00858DA5 /* PBXContainerItemProxy */ = {
			isa = PBXContainerItemProxy;
			containerPortal = CFEFC10B1A6DFB6A00858DA5 /* PluginIAP.xcodeproj */;
			proxyType = 2;
			remoteGlobalIDString = 05A9357E19260E2E00F08DC0;
			remoteInfo = PluginIAP;
		};
/* End PBXContainerItemProxy section */

/* Begin PBXFileReference section */
		1AC6FAE5180E9839004C840B /* cocos2d_libs.xcodeproj */ = {isa = PBXFileReference; lastKnownFileType = "wrapper.pb-project"; name = cocos2d_libs.xcodeproj; path = ../cocos2d/build/cocos2d_libs.xcodeproj; sourceTree = "<group>"; };
		1ACB3243164770DE00914215 /* libcurl.a */ = {isa = PBXFileReference; lastKnownFileType = archive.ar; name = libcurl.a; path = ../../cocos2dx/platform/third_party/ios/libraries/libcurl.a; sourceTree = "<group>"; };
		1D30AB110D05D00D00671497 /* Foundation.framework */ = {isa = PBXFileReference; lastKnownFileType = wrapper.framework; name = Foundation.framework; path = System/Library/Frameworks/Foundation.framework; sourceTree = SDKROOT; };
		1D6058910D05DD3D006BFB54 /* MyTestProject iOS.app */ = {isa = PBXFileReference; explicitFileType = wrapper.application; includeInIndex = 0; path = "MyTestProject iOS.app"; sourceTree = BUILT_PRODUCTS_DIR; };
		1DF5F4DF0D08C38300B7A737 /* UIKit.framework */ = {isa = PBXFileReference; lastKnownFileType = wrapper.framework; name = UIKit.framework; path = System/Library/Frameworks/UIKit.framework; sourceTree = SDKROOT; };
		288765A40DF7441C002DB57D /* CoreGraphics.framework */ = {isa = PBXFileReference; lastKnownFileType = wrapper.framework; name = CoreGraphics.framework; path = System/Library/Frameworks/CoreGraphics.framework; sourceTree = SDKROOT; };
		3EACC98E19EE6D4300EB3C5E /* res */ = {isa = PBXFileReference; lastKnownFileType = folder; path = res; sourceTree = "<group>"; };
		46880B7619C43A67006E1F66 /* CloseNormal.png */ = {isa = PBXFileReference; lastKnownFileType = image.png; path = CloseNormal.png; sourceTree = "<group>"; };
		46880B7719C43A67006E1F66 /* CloseSelected.png */ = {isa = PBXFileReference; lastKnownFileType = image.png; path = CloseSelected.png; sourceTree = "<group>"; };
		46880B8419C43A87006E1F66 /* AppDelegate.cpp */ = {isa = PBXFileReference; fileEncoding = 4; lastKnownFileType = sourcecode.cpp.cpp; path = AppDelegate.cpp; sourceTree = "<group>"; };
		46880B8519C43A87006E1F66 /* AppDelegate.h */ = {isa = PBXFileReference; fileEncoding = 4; lastKnownFileType = sourcecode.c.h; path = AppDelegate.h; sourceTree = "<group>"; };
		46880B8619C43A87006E1F66 /* HelloWorldScene.cpp */ = {isa = PBXFileReference; fileEncoding = 4; lastKnownFileType = sourcecode.cpp.cpp; path = HelloWorldScene.cpp; sourceTree = "<group>"; };
		46880B8719C43A87006E1F66 /* HelloWorldScene.h */ = {isa = PBXFileReference; fileEncoding = 4; lastKnownFileType = sourcecode.c.h; path = HelloWorldScene.h; sourceTree = "<group>"; };
		503AE0F617EB97AB00D1A890 /* Icon.icns */ = {isa = PBXFileReference; lastKnownFileType = image.icns; path = Icon.icns; sourceTree = "<group>"; };
		503AE0F717EB97AB00D1A890 /* Info.plist */ = {isa = PBXFileReference; fileEncoding = 4; lastKnownFileType = text.plist.xml; path = Info.plist; sourceTree = "<group>"; };
		503AE0FA17EB989F00D1A890 /* AppController.h */ = {isa = PBXFileReference; fileEncoding = 4; lastKnownFileType = sourcecode.c.h; name = AppController.h; path = ios/AppController.h; sourceTree = SOURCE_ROOT; };
		503AE0FB17EB989F00D1A890 /* AppController.mm */ = {isa = PBXFileReference; fileEncoding = 4; lastKnownFileType = sourcecode.cpp.objcpp; name = AppController.mm; path = ios/AppController.mm; sourceTree = SOURCE_ROOT; };
		503AE0FC17EB989F00D1A890 /* main.m */ = {isa = PBXFileReference; fileEncoding = 4; lastKnownFileType = sourcecode.c.objc; name = main.m; path = ios/main.m; sourceTree = SOURCE_ROOT; };
		503AE0FD17EB989F00D1A890 /* Prefix.pch */ = {isa = PBXFileReference; fileEncoding = 4; lastKnownFileType = sourcecode.c.h; name = Prefix.pch; path = ios/Prefix.pch; sourceTree = SOURCE_ROOT; };
		503AE0FE17EB989F00D1A890 /* RootViewController.h */ = {isa = PBXFileReference; fileEncoding = 4; lastKnownFileType = sourcecode.c.h; name = RootViewController.h; path = ios/RootViewController.h; sourceTree = SOURCE_ROOT; };
		503AE0FF17EB989F00D1A890 /* RootViewController.mm */ = {isa = PBXFileReference; fileEncoding = 4; lastKnownFileType = sourcecode.cpp.objcpp; name = RootViewController.mm; path = ios/RootViewController.mm; sourceTree = SOURCE_ROOT; };
		503AE10317EB98FF00D1A890 /* main.cpp */ = {isa = PBXFileReference; fileEncoding = 4; lastKnownFileType = sourcecode.cpp.cpp; name = main.cpp; path = mac/main.cpp; sourceTree = "<group>"; };
		503AE10417EB98FF00D1A890 /* Prefix.pch */ = {isa = PBXFileReference; fileEncoding = 4; lastKnownFileType = sourcecode.c.h; name = Prefix.pch; path = mac/Prefix.pch; sourceTree = "<group>"; };
		503AE11117EB99EE00D1A890 /* libcurl.dylib */ = {isa = PBXFileReference; lastKnownFileType = "compiled.mach-o.dylib"; name = libcurl.dylib; path = usr/lib/libcurl.dylib; sourceTree = SDKROOT; };
		503AE11A17EB9C5A00D1A890 /* IOKit.framework */ = {isa = PBXFileReference; lastKnownFileType = wrapper.framework; name = IOKit.framework; path = System/Library/Frameworks/IOKit.framework; sourceTree = SDKROOT; };
		5087E76F17EB910900C73F5D /* MyTestProject Mac.app */ = {isa = PBXFileReference; explicitFileType = wrapper.application; includeInIndex = 0; path = "MyTestProject Mac.app"; sourceTree = BUILT_PRODUCTS_DIR; };
		5087E77217EB970100C73F5D /* Default-568h@2x.png */ = {isa = PBXFileReference; lastKnownFileType = image.png; path = "Default-568h@2x.png"; sourceTree = "<group>"; };
		5087E77317EB970100C73F5D /* Default.png */ = {isa = PBXFileReference; lastKnownFileType = image.png; path = Default.png; sourceTree = "<group>"; };
		5087E77417EB970100C73F5D /* Default@2x.png */ = {isa = PBXFileReference; lastKnownFileType = image.png; path = "Default@2x.png"; sourceTree = "<group>"; };
		5087E77517EB970100C73F5D /* Icon-114.png */ = {isa = PBXFileReference; lastKnownFileType = image.png; path = "Icon-114.png"; sourceTree = "<group>"; };
		5087E77617EB970100C73F5D /* Icon-120.png */ = {isa = PBXFileReference; lastKnownFileType = image.png; path = "Icon-120.png"; sourceTree = "<group>"; };
		5087E77717EB970100C73F5D /* Icon-144.png */ = {isa = PBXFileReference; lastKnownFileType = image.png; path = "Icon-144.png"; sourceTree = "<group>"; };
		5087E77817EB970100C73F5D /* Icon-152.png */ = {isa = PBXFileReference; lastKnownFileType = image.png; path = "Icon-152.png"; sourceTree = "<group>"; };
		5087E77917EB970100C73F5D /* Icon-57.png */ = {isa = PBXFileReference; lastKnownFileType = image.png; path = "Icon-57.png"; sourceTree = "<group>"; };
		5087E77A17EB970100C73F5D /* Icon-72.png */ = {isa = PBXFileReference; lastKnownFileType = image.png; path = "Icon-72.png"; sourceTree = "<group>"; };
		5087E77B17EB970100C73F5D /* Icon-76.png */ = {isa = PBXFileReference; lastKnownFileType = image.png; path = "Icon-76.png"; sourceTree = "<group>"; };
		5087E77C17EB970100C73F5D /* Info.plist */ = {isa = PBXFileReference; fileEncoding = 4; lastKnownFileType = text.plist.xml; path = Info.plist; sourceTree = "<group>"; };
		5087E78817EB974C00C73F5D /* AppKit.framework */ = {isa = PBXFileReference; lastKnownFileType = wrapper.framework; name = AppKit.framework; path = System/Library/Frameworks/AppKit.framework; sourceTree = SDKROOT; };
		5087E78A17EB975400C73F5D /* OpenGL.framework */ = {isa = PBXFileReference; lastKnownFileType = wrapper.framework; name = OpenGL.framework; path = System/Library/Frameworks/OpenGL.framework; sourceTree = SDKROOT; };
		50EF629217ECD46A001EB2F8 /* Icon-40.png */ = {isa = PBXFileReference; lastKnownFileType = image.png; path = "Icon-40.png"; sourceTree = "<group>"; };
		50EF629317ECD46A001EB2F8 /* Icon-58.png */ = {isa = PBXFileReference; lastKnownFileType = image.png; path = "Icon-58.png"; sourceTree = "<group>"; };
		50EF629417ECD46A001EB2F8 /* Icon-80.png */ = {isa = PBXFileReference; lastKnownFileType = image.png; path = "Icon-80.png"; sourceTree = "<group>"; };
		50EF629517ECD46A001EB2F8 /* Icon-100.png */ = {isa = PBXFileReference; lastKnownFileType = image.png; path = "Icon-100.png"; sourceTree = "<group>"; };
		50EF62A017ECD613001EB2F8 /* Icon-29.png */ = {isa = PBXFileReference; lastKnownFileType = image.png; path = "Icon-29.png"; sourceTree = "<group>"; };
		50EF62A117ECD613001EB2F8 /* Icon-50.png */ = {isa = PBXFileReference; lastKnownFileType = image.png; path = "Icon-50.png"; sourceTree = "<group>"; };
		521A8E6219F0C34300D177D7 /* Default-667h@2x.png */ = {isa = PBXFileReference; lastKnownFileType = image.png; path = "Default-667h@2x.png"; sourceTree = "<group>"; };
		521A8E6319F0C34300D177D7 /* Default-736h@3x.png */ = {isa = PBXFileReference; lastKnownFileType = image.png; path = "Default-736h@3x.png"; sourceTree = "<group>"; };
		521A8EA819F11F5000D177D7 /* fonts */ = {isa = PBXFileReference; lastKnownFileType = folder; path = fonts; sourceTree = "<group>"; };
		BF170DB012928DE900B8313A /* OpenGLES.framework */ = {isa = PBXFileReference; lastKnownFileType = wrapper.framework; name = OpenGLES.framework; path = System/Library/Frameworks/OpenGLES.framework; sourceTree = SDKROOT; };
		BF170DB412928DE900B8313A /* libz.dylib */ = {isa = PBXFileReference; lastKnownFileType = "compiled.mach-o.dylib"; name = libz.dylib; path = usr/lib/libz.dylib; sourceTree = SDKROOT; };
		BF1C47EA1293683800B63C5D /* QuartzCore.framework */ = {isa = PBXFileReference; lastKnownFileType = wrapper.framework; name = QuartzCore.framework; path = System/Library/Frameworks/QuartzCore.framework; sourceTree = SDKROOT; };
		CF078F491A31A8720042B5DC /* Sqlite3Helper.cpp */ = {isa = PBXFileReference; fileEncoding = 4; lastKnownFileType = sourcecode.cpp.cpp; path = Sqlite3Helper.cpp; sourceTree = "<group>"; };
		CF078F4A1A31A8720042B5DC /* Sqlite3Helper.h */ = {isa = PBXFileReference; fileEncoding = 4; lastKnownFileType = sourcecode.c.h; path = Sqlite3Helper.h; sourceTree = "<group>"; };
		CF1008A31A354DB90090DFEF /* SqlCell.cpp */ = {isa = PBXFileReference; fileEncoding = 4; lastKnownFileType = sourcecode.cpp.cpp; path = SqlCell.cpp; sourceTree = "<group>"; };
		CF1008A41A354DB90090DFEF /* SqlCell.h */ = {isa = PBXFileReference; fileEncoding = 4; lastKnownFileType = sourcecode.c.h; path = SqlCell.h; sourceTree = "<group>"; };
		CF1008A51A354DB90090DFEF /* SqlColumn.cpp */ = {isa = PBXFileReference; fileEncoding = 4; lastKnownFileType = sourcecode.cpp.cpp; path = SqlColumn.cpp; sourceTree = "<group>"; };
		CF1008A61A354DB90090DFEF /* SqlColumn.h */ = {isa = PBXFileReference; fileEncoding = 4; lastKnownFileType = sourcecode.c.h; path = SqlColumn.h; sourceTree = "<group>"; };
		CF1008A71A354DB90090DFEF /* SqlObject.cpp */ = {isa = PBXFileReference; fileEncoding = 4; lastKnownFileType = sourcecode.cpp.cpp; path = SqlObject.cpp; sourceTree = "<group>"; };
		CF1008A81A354DB90090DFEF /* SqlObject.h */ = {isa = PBXFileReference; fileEncoding = 4; lastKnownFileType = sourcecode.c.h; path = SqlObject.h; sourceTree = "<group>"; };
		CF1008AE1A354DEA0090DFEF /* SqlRow.cpp */ = {isa = PBXFileReference; fileEncoding = 4; lastKnownFileType = sourcecode.cpp.cpp; path = SqlRow.cpp; sourceTree = "<group>"; };
		CF1008AF1A354DEA0090DFEF /* SqlRow.h */ = {isa = PBXFileReference; fileEncoding = 4; lastKnownFileType = sourcecode.c.h; path = SqlRow.h; sourceTree = "<group>"; };
		CF1008B01A354DEA0090DFEF /* SqlType.h */ = {isa = PBXFileReference; fileEncoding = 4; lastKnownFileType = sourcecode.c.h; path = SqlType.h; sourceTree = "<group>"; };
		CF4774091A6F5DA3005F6B4C /* google-analytics.xcodeproj */ = {isa = PBXFileReference; lastKnownFileType = "wrapper.pb-project"; name = "google-analytics.xcodeproj"; path = "../libraries/google-analytics/ios/google-analytics.xcodeproj"; sourceTree = "<group>"; };
		CF4774131A6F650D005F6B4C /* CoreData.framework */ = {isa = PBXFileReference; lastKnownFileType = wrapper.framework; name = CoreData.framework; path = Platforms/iPhoneOS.platform/Developer/SDKs/iPhoneOS8.1.sdk/System/Library/Frameworks/CoreData.framework; sourceTree = DEVELOPER_DIR; };
		CF4774151A6F651C005F6B4C /* SystemConfiguration.framework */ = {isa = PBXFileReference; lastKnownFileType = wrapper.framework; name = SystemConfiguration.framework; path = Platforms/iPhoneOS.platform/Developer/SDKs/iPhoneOS8.1.sdk/System/Library/Frameworks/SystemConfiguration.framework; sourceTree = DEVELOPER_DIR; };
		CF52651E1A450AAA00E05B1C /* iphone */ = {isa = PBXFileReference; lastKnownFileType = folder; path = iphone; sourceTree = "<group>"; };
		CF5265221A452A4100E05B1C /* HelloWorld.png */ = {isa = PBXFileReference; lastKnownFileType = image.png; path = HelloWorld.png; sourceTree = "<group>"; };
		CF70043C1A36B2B300728153 /* SqliteTestScene.cpp */ = {isa = PBXFileReference; fileEncoding = 4; lastKnownFileType = sourcecode.cpp.cpp; path = SqliteTestScene.cpp; sourceTree = "<group>"; };
		CF70043D1A36B2B300728153 /* SqliteTestScene.h */ = {isa = PBXFileReference; fileEncoding = 4; lastKnownFileType = sourcecode.c.h; path = SqliteTestScene.h; sourceTree = "<group>"; };
		CF70043F1A36B4E300728153 /* MapManager.cpp */ = {isa = PBXFileReference; fileEncoding = 4; lastKnownFileType = sourcecode.cpp.cpp; path = MapManager.cpp; sourceTree = "<group>"; };
		CF7004401A36B4E300728153 /* MapManager.h */ = {isa = PBXFileReference; fileEncoding = 4; lastKnownFileType = sourcecode.c.h; path = MapManager.h; sourceTree = "<group>"; };
		CF7004421A36DFED00728153 /* square.png */ = {isa = PBXFileReference; lastKnownFileType = image.png; path = square.png; sourceTree = "<group>"; };
		CF7004431A36DFED00728153 /* starb.png */ = {isa = PBXFileReference; lastKnownFileType = image.png; path = starb.png; sourceTree = "<group>"; };
		CF7004441A36DFED00728153 /* stary.png */ = {isa = PBXFileReference; lastKnownFileType = image.png; path = stary.png; sourceTree = "<group>"; };
		CF7004481A36E2E700728153 /* MapAreaLayer.cpp */ = {isa = PBXFileReference; fileEncoding = 4; lastKnownFileType = sourcecode.cpp.cpp; path = MapAreaLayer.cpp; sourceTree = "<group>"; };
		CF7004491A36E2E700728153 /* MapAreaLayer.h */ = {isa = PBXFileReference; fileEncoding = 4; lastKnownFileType = sourcecode.c.h; path = MapAreaLayer.h; sourceTree = "<group>"; };
		CF7595871A0CAF7F005A9E46 /* PluginProtocol.xcodeproj */ = {isa = PBXFileReference; lastKnownFileType = "wrapper.pb-project"; name = PluginProtocol.xcodeproj; path = ../cocos2d/plugin/protocols/proj.ios/PluginProtocol.xcodeproj; sourceTree = "<group>"; };
		CF902D361A37009F00A535B2 /* MainGameLayer.cpp */ = {isa = PBXFileReference; fileEncoding = 4; lastKnownFileType = sourcecode.cpp.cpp; path = MainGameLayer.cpp; sourceTree = "<group>"; };
		CF902D371A37009F00A535B2 /* MainGameLayer.h */ = {isa = PBXFileReference; fileEncoding = 4; lastKnownFileType = sourcecode.c.h; path = MainGameLayer.h; sourceTree = "<group>"; };
		CFA8EBFE1A3936AC00FABAD3 /* ILabelSource.cpp */ = {isa = PBXFileReference; fileEncoding = 4; lastKnownFileType = sourcecode.cpp.cpp; path = ILabelSource.cpp; sourceTree = "<group>"; };
		CFA8EBFF1A3936AC00FABAD3 /* ILabelSource.h */ = {isa = PBXFileReference; fileEncoding = 4; lastKnownFileType = sourcecode.c.h; path = ILabelSource.h; sourceTree = "<group>"; };
		CFA8EC001A3936AC00FABAD3 /* UpdateableLabelTTF.cpp */ = {isa = PBXFileReference; fileEncoding = 4; lastKnownFileType = sourcecode.cpp.cpp; path = UpdateableLabelTTF.cpp; sourceTree = "<group>"; };
		CFA8EC011A3936AC00FABAD3 /* UpdateableLabelTTF.h */ = {isa = PBXFileReference; fileEncoding = 4; lastKnownFileType = sourcecode.c.h; path = UpdateableLabelTTF.h; sourceTree = "<group>"; };
		CFA8EC031A3936AC00FABAD3 /* CommonLayer.cpp */ = {isa = PBXFileReference; fileEncoding = 4; lastKnownFileType = sourcecode.cpp.cpp; path = CommonLayer.cpp; sourceTree = "<group>"; };
		CFA8EC041A3936AC00FABAD3 /* CommonLayer.h */ = {isa = PBXFileReference; fileEncoding = 4; lastKnownFileType = sourcecode.c.h; path = CommonLayer.h; sourceTree = "<group>"; };
		CFA8EC051A3936AC00FABAD3 /* PopupLayer.cpp */ = {isa = PBXFileReference; fileEncoding = 4; lastKnownFileType = sourcecode.cpp.cpp; path = PopupLayer.cpp; sourceTree = "<group>"; };
		CFA8EC061A3936AC00FABAD3 /* PopupLayer.h */ = {isa = PBXFileReference; fileEncoding = 4; lastKnownFileType = sourcecode.c.h; path = PopupLayer.h; sourceTree = "<group>"; };
		CFA8EC071A3936AC00FABAD3 /* TableLayer.cpp */ = {isa = PBXFileReference; fileEncoding = 4; lastKnownFileType = sourcecode.cpp.cpp; path = TableLayer.cpp; sourceTree = "<group>"; };
		CFA8EC081A3936AC00FABAD3 /* TableLayer.h */ = {isa = PBXFileReference; fileEncoding = 4; lastKnownFileType = sourcecode.c.h; path = TableLayer.h; sourceTree = "<group>"; };
		CFA8EC0A1A3936AC00FABAD3 /* ITableCellView.h */ = {isa = PBXFileReference; fileEncoding = 4; lastKnownFileType = sourcecode.c.h; path = ITableCellView.h; sourceTree = "<group>"; };
		CFA8EC0B1A3936AC00FABAD3 /* ITableViewBuilder.h */ = {isa = PBXFileReference; fileEncoding = 4; lastKnownFileType = sourcecode.c.h; path = ITableViewBuilder.h; sourceTree = "<group>"; };
		CFA8EC0C1A3936AC00FABAD3 /* TableView.cpp */ = {isa = PBXFileReference; fileEncoding = 4; lastKnownFileType = sourcecode.cpp.cpp; path = TableView.cpp; sourceTree = "<group>"; };
		CFA8EC0D1A3936AC00FABAD3 /* TableView.h */ = {isa = PBXFileReference; fileEncoding = 4; lastKnownFileType = sourcecode.c.h; path = TableView.h; sourceTree = "<group>"; };
		CFA8EC181A3937B700FABAD3 /* LobbyLayerCellView.cpp */ = {isa = PBXFileReference; fileEncoding = 4; lastKnownFileType = sourcecode.cpp.cpp; path = LobbyLayerCellView.cpp; sourceTree = "<group>"; };
		CFA8EC191A3937B700FABAD3 /* LobbyLayerCellView.h */ = {isa = PBXFileReference; fileEncoding = 4; lastKnownFileType = sourcecode.c.h; path = LobbyLayerCellView.h; sourceTree = "<group>"; };
		CFA8EC1A1A3937B700FABAD3 /* LobbyLayerView.cpp */ = {isa = PBXFileReference; fileEncoding = 4; lastKnownFileType = sourcecode.cpp.cpp; path = LobbyLayerView.cpp; sourceTree = "<group>"; };
		CFA8EC1B1A3937B700FABAD3 /* LobbyLayerView.h */ = {isa = PBXFileReference; fileEncoding = 4; lastKnownFileType = sourcecode.c.h; path = LobbyLayerView.h; sourceTree = "<group>"; };
		CFA8EC231A39447B00FABAD3 /* WordLayer.cpp */ = {isa = PBXFileReference; fileEncoding = 4; lastKnownFileType = sourcecode.cpp.cpp; name = WordLayer.cpp; path = Word/WordLayer.cpp; sourceTree = "<group>"; };
		CFA8EC241A39447B00FABAD3 /* WordLayer.h */ = {isa = PBXFileReference; fileEncoding = 4; lastKnownFileType = sourcecode.c.h; name = WordLayer.h; path = Word/WordLayer.h; sourceTree = "<group>"; };
		CFCD2D7E1A0C890A00154B04 /* FacebookSDK.framework */ = {isa = PBXFileReference; lastKnownFileType = wrapper.framework; name = FacebookSDK.framework; path = ../cocos2d/plugin/plugins/facebook/proj.ios/sdk/FacebookSDK.framework; sourceTree = "<group>"; };
		CFCD2D801A0C896700154B04 /* PluginFacebook.xcodeproj */ = {isa = PBXFileReference; lastKnownFileType = "wrapper.pb-project"; name = PluginFacebook.xcodeproj; path = ../cocos2d/plugin/plugins/facebook/proj.ios/PluginFacebook.xcodeproj; sourceTree = "<group>"; };
		CFCD2D8B1A0CA6E000154B04 /* TestFacebookUserScene.cpp */ = {isa = PBXFileReference; fileEncoding = 4; lastKnownFileType = sourcecode.cpp.cpp; path = TestFacebookUserScene.cpp; sourceTree = "<group>"; };
		CFCD2D8C1A0CA6E000154B04 /* TestFacebookUserScene.h */ = {isa = PBXFileReference; fileEncoding = 4; lastKnownFileType = sourcecode.c.h; path = TestFacebookUserScene.h; sourceTree = "<group>"; };
		CFCD2D8E1A0CA73D00154B04 /* Configs.h */ = {isa = PBXFileReference; lastKnownFileType = sourcecode.c.h; path = Configs.h; sourceTree = "<group>"; };
		CFDE60A81A0DBBCB00C78706 /* TestFacebookShare.cpp */ = {isa = PBXFileReference; fileEncoding = 4; lastKnownFileType = sourcecode.cpp.cpp; path = TestFacebookShare.cpp; sourceTree = "<group>"; };
		CFDE60A91A0DBBCB00C78706 /* TestFacebookShare.h */ = {isa = PBXFileReference; fileEncoding = 4; lastKnownFileType = sourcecode.c.h; path = TestFacebookShare.h; sourceTree = "<group>"; };
		CFDE60AD1A0DCE2400C78706 /* MediaPlayer.framework */ = {isa = PBXFileReference; lastKnownFileType = wrapper.framework; name = MediaPlayer.framework; path = Platforms/iPhoneOS.platform/Developer/SDKs/iPhoneOS8.1.sdk/System/Library/Frameworks/MediaPlayer.framework; sourceTree = DEVELOPER_DIR; };
		CFDE60AF1A0DCE2E00C78706 /* GameController.framework */ = {isa = PBXFileReference; lastKnownFileType = wrapper.framework; name = GameController.framework; path = Platforms/iPhoneOS.platform/Developer/SDKs/iPhoneOS8.1.sdk/System/Library/Frameworks/GameController.framework; sourceTree = DEVELOPER_DIR; };
		CFEFC10B1A6DFB6A00858DA5 /* PluginIAP.xcodeproj */ = {isa = PBXFileReference; lastKnownFileType = "wrapper.pb-project"; name = PluginIAP.xcodeproj; path = ../cocos2d/plugin/plugins/iosiap/proj.ios/PluginIAP.xcodeproj; sourceTree = "<group>"; };
		CFEFC1151A6E028000858DA5 /* PurchaseHelper.cpp */ = {isa = PBXFileReference; fileEncoding = 4; lastKnownFileType = sourcecode.cpp.cpp; name = PurchaseHelper.cpp; path = Inapp/PurchaseHelper.cpp; sourceTree = "<group>"; };
		CFEFC1161A6E028000858DA5 /* PurchaseHelper.h */ = {isa = PBXFileReference; fileEncoding = 4; lastKnownFileType = sourcecode.c.h; name = PurchaseHelper.h; path = Inapp/PurchaseHelper.h; sourceTree = "<group>"; };
		CFEFC1181A6E02BD00858DA5 /* StoreKit.framework */ = {isa = PBXFileReference; lastKnownFileType = wrapper.framework; name = StoreKit.framework; path = Platforms/iPhoneOS.platform/Developer/SDKs/iPhoneOS8.1.sdk/System/Library/Frameworks/StoreKit.framework; sourceTree = DEVELOPER_DIR; };
		CFEFC11C1A6E0B5400858DA5 /* IosInappHelper.cpp */ = {isa = PBXFileReference; fileEncoding = 4; lastKnownFileType = sourcecode.cpp.cpp; name = IosInappHelper.cpp; path = ios/Services/IosInappHelper.cpp; sourceTree = SOURCE_ROOT; };
		CFEFC11D1A6E0B5400858DA5 /* IosInappHelper.h */ = {isa = PBXFileReference; fileEncoding = 4; lastKnownFileType = sourcecode.c.h; name = IosInappHelper.h; path = ios/Services/IosInappHelper.h; sourceTree = SOURCE_ROOT; };
		CFEFC11F1A6E1C7600858DA5 /* PurchaseTestLayer.cpp */ = {isa = PBXFileReference; fileEncoding = 4; lastKnownFileType = sourcecode.cpp.cpp; name = PurchaseTestLayer.cpp; path = Inapp/PurchaseTestLayer.cpp; sourceTree = "<group>"; };
		CFEFC1201A6E1C7600858DA5 /* PurchaseTestLayer.h */ = {isa = PBXFileReference; fileEncoding = 4; lastKnownFileType = sourcecode.c.h; name = PurchaseTestLayer.h; path = Inapp/PurchaseTestLayer.h; sourceTree = "<group>"; };
		CFFA82E61A3A87710052C68D /* board.png */ = {isa = PBXFileReference; lastKnownFileType = image.png; path = board.png; sourceTree = "<group>"; };
		CFFE562A1A30649400CE2308 /* sqlite3.c */ = {isa = PBXFileReference; fileEncoding = 4; lastKnownFileType = sourcecode.c.c; path = sqlite3.c; sourceTree = "<group>"; };
		CFFE562B1A30649400CE2308 /* sqlite3.h */ = {isa = PBXFileReference; fileEncoding = 4; lastKnownFileType = sourcecode.c.h; path = sqlite3.h; sourceTree = "<group>"; };
		D44C620B132DFF330009C878 /* OpenAL.framework */ = {isa = PBXFileReference; lastKnownFileType = wrapper.framework; name = OpenAL.framework; path = System/Library/Frameworks/OpenAL.framework; sourceTree = SDKROOT; };
		D44C620D132DFF430009C878 /* AVFoundation.framework */ = {isa = PBXFileReference; lastKnownFileType = wrapper.framework; name = AVFoundation.framework; path = System/Library/Frameworks/AVFoundation.framework; sourceTree = SDKROOT; };
		D44C620F132DFF4E0009C878 /* AudioToolbox.framework */ = {isa = PBXFileReference; lastKnownFileType = wrapper.framework; name = AudioToolbox.framework; path = System/Library/Frameworks/AudioToolbox.framework; sourceTree = SDKROOT; };
		D6B0611A1803AB670077942B /* CoreMotion.framework */ = {isa = PBXFileReference; lastKnownFileType = wrapper.framework; name = CoreMotion.framework; path = Platforms/iPhoneOS.platform/Developer/SDKs/iPhoneOS7.0.sdk/System/Library/Frameworks/CoreMotion.framework; sourceTree = DEVELOPER_DIR; };
/* End PBXFileReference section */

/* Begin PBXFrameworksBuildPhase section */
		1D60588F0D05DD3D006BFB54 /* Frameworks */ = {
			isa = PBXFrameworksBuildPhase;
			buildActionMask = 2147483647;
			files = (
				CF4774161A6F651C005F6B4C /* SystemConfiguration.framework in Frameworks */,
				CF4774141A6F650D005F6B4C /* CoreData.framework in Frameworks */,
				CF47740F1A6F5F0B005F6B4C /* libgoogle-analytics.a in Frameworks */,
				CFEFC11A1A6E02C900858DA5 /* libPluginIAP.a in Frameworks */,
				CFEFC1191A6E02BD00858DA5 /* StoreKit.framework in Frameworks */,
				CFDE60B01A0DCE2E00C78706 /* GameController.framework in Frameworks */,
				CFDE60AE1A0DCE2400C78706 /* MediaPlayer.framework in Frameworks */,
				CFCD2D7F1A0C890A00154B04 /* FacebookSDK.framework in Frameworks */,
				CF75958D1A0CAFA8005A9E46 /* libPluginProtocol.a in Frameworks */,
				CFCD2D861A0C897300154B04 /* libPluginFacebook.a in Frameworks */,
				1AC6FB30180E99EB004C840B /* libcocos2d iOS.a in Frameworks */,
				D6B0611B1803AB670077942B /* CoreMotion.framework in Frameworks */,
				1D60589F0D05DD5A006BFB54 /* Foundation.framework in Frameworks */,
				1DF5F4E00D08C38300B7A737 /* UIKit.framework in Frameworks */,
				288765A50DF7441C002DB57D /* CoreGraphics.framework in Frameworks */,
				BF171245129291EC00B8313A /* OpenGLES.framework in Frameworks */,
				BF1712471292920000B8313A /* libz.dylib in Frameworks */,
				BF1C47F01293687400B63C5D /* QuartzCore.framework in Frameworks */,
				D44C620C132DFF330009C878 /* OpenAL.framework in Frameworks */,
				D44C620E132DFF430009C878 /* AVFoundation.framework in Frameworks */,
				D44C6210132DFF4E0009C878 /* AudioToolbox.framework in Frameworks */,
			);
			runOnlyForDeploymentPostprocessing = 0;
		};
		5087E75C17EB910900C73F5D /* Frameworks */ = {
			isa = PBXFrameworksBuildPhase;
			buildActionMask = 2147483647;
			files = (
				1AC6FB21180E996B004C840B /* libcocos2d Mac.a in Frameworks */,
				503AE11217EB99EE00D1A890 /* libcurl.dylib in Frameworks */,
				5087E76717EB910900C73F5D /* libz.dylib in Frameworks */,
				503AE11B17EB9C5A00D1A890 /* IOKit.framework in Frameworks */,
				5087E78B17EB975400C73F5D /* OpenGL.framework in Frameworks */,
				5087E78917EB974C00C73F5D /* AppKit.framework in Frameworks */,
				5087E76317EB910900C73F5D /* Foundation.framework in Frameworks */,
				5087E76817EB910900C73F5D /* QuartzCore.framework in Frameworks */,
				5087E76917EB910900C73F5D /* OpenAL.framework in Frameworks */,
				5087E76A17EB910900C73F5D /* AVFoundation.framework in Frameworks */,
				5087E76B17EB910900C73F5D /* AudioToolbox.framework in Frameworks */,
			);
			runOnlyForDeploymentPostprocessing = 0;
		};
/* End PBXFrameworksBuildPhase section */

/* Begin PBXGroup section */
		080E96DDFE201D6D7F000001 /* ios */ = {
			isa = PBXGroup;
			children = (
				CFEFC11B1A6E09D900858DA5 /* Services */,
				5087E77117EB970100C73F5D /* Icons */,
				503AE0FA17EB989F00D1A890 /* AppController.h */,
				503AE0FB17EB989F00D1A890 /* AppController.mm */,
				503AE0FC17EB989F00D1A890 /* main.m */,
				503AE0FD17EB989F00D1A890 /* Prefix.pch */,
				503AE0FE17EB989F00D1A890 /* RootViewController.h */,
				503AE0FF17EB989F00D1A890 /* RootViewController.mm */,
			);
			name = ios;
			path = Classes;
			sourceTree = "<group>";
		};
		19C28FACFE9D520D11CA2CBB /* Products */ = {
			isa = PBXGroup;
			children = (
				1D6058910D05DD3D006BFB54 /* MyTestProject iOS.app */,
				5087E76F17EB910900C73F5D /* MyTestProject Mac.app */,
			);
			name = Products;
			sourceTree = "<group>";
		};
		1AC6FAE6180E9839004C840B /* Products */ = {
			isa = PBXGroup;
			children = (
				1AC6FAF9180E9839004C840B /* libcocos2d Mac.a */,
				1AC6FB07180E9839004C840B /* libcocos2d iOS.a */,
			);
			name = Products;
			sourceTree = "<group>";
		};
		29B97314FDCFA39411CA2CEA /* CustomTemplate */ = {
			isa = PBXGroup;
			children = (
				CF4774091A6F5DA3005F6B4C /* google-analytics.xcodeproj */,
				CFEFC10B1A6DFB6A00858DA5 /* PluginIAP.xcodeproj */,
				CF7595871A0CAF7F005A9E46 /* PluginProtocol.xcodeproj */,
				CFCD2D801A0C896700154B04 /* PluginFacebook.xcodeproj */,
				1AC6FAE5180E9839004C840B /* cocos2d_libs.xcodeproj */,
				46880B8319C43A87006E1F66 /* Classes */,
				46880B7519C43A67006E1F66 /* Resources */,
				29B97323FDCFA39411CA2CEA /* Frameworks */,
				080E96DDFE201D6D7F000001 /* ios */,
				503AE10617EB990700D1A890 /* mac */,
				19C28FACFE9D520D11CA2CBB /* Products */,
			);
			name = CustomTemplate;
			sourceTree = "<group>";
		};
		29B97323FDCFA39411CA2CEA /* Frameworks */ = {
			isa = PBXGroup;
			children = (
				CF4774151A6F651C005F6B4C /* SystemConfiguration.framework */,
				CF4774131A6F650D005F6B4C /* CoreData.framework */,
				CFEFC1181A6E02BD00858DA5 /* StoreKit.framework */,
				CFDE60AF1A0DCE2E00C78706 /* GameController.framework */,
				CFDE60AD1A0DCE2400C78706 /* MediaPlayer.framework */,
				CFCD2D7E1A0C890A00154B04 /* FacebookSDK.framework */,
				D6B0611A1803AB670077942B /* CoreMotion.framework */,
				503AE11A17EB9C5A00D1A890 /* IOKit.framework */,
				503AE11117EB99EE00D1A890 /* libcurl.dylib */,
				5087E78A17EB975400C73F5D /* OpenGL.framework */,
				5087E78817EB974C00C73F5D /* AppKit.framework */,
				1ACB3243164770DE00914215 /* libcurl.a */,
				BF170DB412928DE900B8313A /* libz.dylib */,
				D44C620F132DFF4E0009C878 /* AudioToolbox.framework */,
				D44C620D132DFF430009C878 /* AVFoundation.framework */,
				288765A40DF7441C002DB57D /* CoreGraphics.framework */,
				1D30AB110D05D00D00671497 /* Foundation.framework */,
				D44C620B132DFF330009C878 /* OpenAL.framework */,
				BF170DB012928DE900B8313A /* OpenGLES.framework */,
				BF1C47EA1293683800B63C5D /* QuartzCore.framework */,
				1DF5F4DF0D08C38300B7A737 /* UIKit.framework */,
			);
			name = Frameworks;
			sourceTree = "<group>";
		};
		46880B7519C43A67006E1F66 /* Resources */ = {
			isa = PBXGroup;
			children = (
				CF5265221A452A4100E05B1C /* HelloWorld.png */,
				CF52651E1A450AAA00E05B1C /* iphone */,
				521A8EA819F11F5000D177D7 /* fonts */,
				3EACC98E19EE6D4300EB3C5E /* res */,
				46880B7619C43A67006E1F66 /* CloseNormal.png */,
				46880B7719C43A67006E1F66 /* CloseSelected.png */,
				CFFA82E61A3A87710052C68D /* board.png */,
				CF7004421A36DFED00728153 /* square.png */,
				CF7004431A36DFED00728153 /* starb.png */,
				CF7004441A36DFED00728153 /* stary.png */,
			);
			name = Resources;
			path = ../Resources;
			sourceTree = "<group>";
		};
		46880B8319C43A87006E1F66 /* Classes */ = {
			isa = PBXGroup;
			children = (
				CFEFC1131A6DFE7400858DA5 /* Inapp */,
				CFA8EBFB1A3936AC00FABAD3 /* View */,
				CFA8EC161A3937B700FABAD3 /* TableTest */,
				CFFE56291A30649400CE2308 /* SqliteTest */,
				CFDE60A71A0DBBCB00C78706 /* TestFacebookShare */,
				CFCD2D8A1A0CA6E000154B04 /* TestFacebookUser */,
				CFCD2D8E1A0CA73D00154B04 /* Configs.h */,
				46880B8419C43A87006E1F66 /* AppDelegate.cpp */,
				46880B8519C43A87006E1F66 /* AppDelegate.h */,
				46880B8619C43A87006E1F66 /* HelloWorldScene.cpp */,
				46880B8719C43A87006E1F66 /* HelloWorldScene.h */,
			);
			name = Classes;
			path = ../Classes;
			sourceTree = "<group>";
		};
		503AE0F517EB97AB00D1A890 /* Icons */ = {
			isa = PBXGroup;
			children = (
				503AE0F617EB97AB00D1A890 /* Icon.icns */,
				503AE0F717EB97AB00D1A890 /* Info.plist */,
			);
			name = Icons;
			path = mac;
			sourceTree = SOURCE_ROOT;
		};
		503AE10617EB990700D1A890 /* mac */ = {
			isa = PBXGroup;
			children = (
				503AE0F517EB97AB00D1A890 /* Icons */,
				503AE10317EB98FF00D1A890 /* main.cpp */,
				503AE10417EB98FF00D1A890 /* Prefix.pch */,
			);
			name = mac;
			sourceTree = "<group>";
		};
		5087E77117EB970100C73F5D /* Icons */ = {
			isa = PBXGroup;
			children = (
				521A8E6219F0C34300D177D7 /* Default-667h@2x.png */,
				521A8E6319F0C34300D177D7 /* Default-736h@3x.png */,
				5087E77217EB970100C73F5D /* Default-568h@2x.png */,
				5087E77317EB970100C73F5D /* Default.png */,
				5087E77417EB970100C73F5D /* Default@2x.png */,
				50EF62A017ECD613001EB2F8 /* Icon-29.png */,
				50EF62A117ECD613001EB2F8 /* Icon-50.png */,
				50EF629217ECD46A001EB2F8 /* Icon-40.png */,
				50EF629317ECD46A001EB2F8 /* Icon-58.png */,
				50EF629417ECD46A001EB2F8 /* Icon-80.png */,
				50EF629517ECD46A001EB2F8 /* Icon-100.png */,
				5087E77517EB970100C73F5D /* Icon-114.png */,
				5087E77617EB970100C73F5D /* Icon-120.png */,
				5087E77717EB970100C73F5D /* Icon-144.png */,
				5087E77817EB970100C73F5D /* Icon-152.png */,
				5087E77917EB970100C73F5D /* Icon-57.png */,
				5087E77A17EB970100C73F5D /* Icon-72.png */,
				5087E77B17EB970100C73F5D /* Icon-76.png */,
				5087E77C17EB970100C73F5D /* Info.plist */,
			);
			name = Icons;
			path = ios;
			sourceTree = SOURCE_ROOT;
		};
		CF47740A1A6F5DA3005F6B4C /* Products */ = {
			isa = PBXGroup;
			children = (
				CF47740E1A6F5DA4005F6B4C /* libgoogle-analytics.a */,
			);
			name = Products;
			sourceTree = "<group>";
		};
		CF70043B1A36B2B300728153 /* Try */ = {
			isa = PBXGroup;
			children = (
				CF70043C1A36B2B300728153 /* SqliteTestScene.cpp */,
				CF70043D1A36B2B300728153 /* SqliteTestScene.h */,
				CF70043F1A36B4E300728153 /* MapManager.cpp */,
				CF7004401A36B4E300728153 /* MapManager.h */,
				CF7004481A36E2E700728153 /* MapAreaLayer.cpp */,
				CF7004491A36E2E700728153 /* MapAreaLayer.h */,
				CF902D361A37009F00A535B2 /* MainGameLayer.cpp */,
				CF902D371A37009F00A535B2 /* MainGameLayer.h */,
			);
			path = Try;
			sourceTree = "<group>";
		};
		CF7595881A0CAF7F005A9E46 /* Products */ = {
			isa = PBXGroup;
			children = (
				CF75958C1A0CAF7F005A9E46 /* libPluginProtocol.a */,
			);
			name = Products;
			sourceTree = "<group>";
		};
		CFA8EBFB1A3936AC00FABAD3 /* View */ = {
			isa = PBXGroup;
			children = (
				CFA8EBFC1A3936AC00FABAD3 /* Extends */,
			);
			path = View;
			sourceTree = "<group>";
		};
		CFA8EBFC1A3936AC00FABAD3 /* Extends */ = {
			isa = PBXGroup;
			children = (
				CFA8EBFD1A3936AC00FABAD3 /* Labels */,
				CFA8EC021A3936AC00FABAD3 /* Layer */,
				CFA8EC091A3936AC00FABAD3 /* Tables */,
			);
			path = Extends;
			sourceTree = "<group>";
		};
		CFA8EBFD1A3936AC00FABAD3 /* Labels */ = {
			isa = PBXGroup;
			children = (
				CFA8EBFE1A3936AC00FABAD3 /* ILabelSource.cpp */,
				CFA8EBFF1A3936AC00FABAD3 /* ILabelSource.h */,
				CFA8EC001A3936AC00FABAD3 /* UpdateableLabelTTF.cpp */,
				CFA8EC011A3936AC00FABAD3 /* UpdateableLabelTTF.h */,
			);
			path = Labels;
			sourceTree = "<group>";
		};
		CFA8EC021A3936AC00FABAD3 /* Layer */ = {
			isa = PBXGroup;
			children = (
				CFA8EC031A3936AC00FABAD3 /* CommonLayer.cpp */,
				CFA8EC041A3936AC00FABAD3 /* CommonLayer.h */,
				CFA8EC051A3936AC00FABAD3 /* PopupLayer.cpp */,
				CFA8EC061A3936AC00FABAD3 /* PopupLayer.h */,
				CFA8EC071A3936AC00FABAD3 /* TableLayer.cpp */,
				CFA8EC081A3936AC00FABAD3 /* TableLayer.h */,
			);
			path = Layer;
			sourceTree = "<group>";
		};
		CFA8EC091A3936AC00FABAD3 /* Tables */ = {
			isa = PBXGroup;
			children = (
				CFA8EC0A1A3936AC00FABAD3 /* ITableCellView.h */,
				CFA8EC0B1A3936AC00FABAD3 /* ITableViewBuilder.h */,
				CFA8EC0C1A3936AC00FABAD3 /* TableView.cpp */,
				CFA8EC0D1A3936AC00FABAD3 /* TableView.h */,
			);
			path = Tables;
			sourceTree = "<group>";
		};
		CFA8EC161A3937B700FABAD3 /* TableTest */ = {
			isa = PBXGroup;
			children = (
				CFA8EC1E1A39435300FABAD3 /* Word */,
				CFA8EC171A3937B700FABAD3 /* Lobby */,
			);
			path = TableTest;
			sourceTree = "<group>";
		};
		CFA8EC171A3937B700FABAD3 /* Lobby */ = {
			isa = PBXGroup;
			children = (
				CFA8EC181A3937B700FABAD3 /* LobbyLayerCellView.cpp */,
				CFA8EC191A3937B700FABAD3 /* LobbyLayerCellView.h */,
				CFA8EC1A1A3937B700FABAD3 /* LobbyLayerView.cpp */,
				CFA8EC1B1A3937B700FABAD3 /* LobbyLayerView.h */,
			);
			path = Lobby;
			sourceTree = "<group>";
		};
		CFA8EC1E1A39435300FABAD3 /* Word */ = {
			isa = PBXGroup;
			children = (
				CFA8EC231A39447B00FABAD3 /* WordLayer.cpp */,
				CFA8EC241A39447B00FABAD3 /* WordLayer.h */,
			);
			name = Word;
			sourceTree = "<group>";
		};
		CFCD2D811A0C896700154B04 /* Products */ = {
			isa = PBXGroup;
			children = (
				CFCD2D851A0C896700154B04 /* libPluginFacebook.a */,
			);
			name = Products;
			sourceTree = "<group>";
		};
		CFCD2D8A1A0CA6E000154B04 /* TestFacebookUser */ = {
			isa = PBXGroup;
			children = (
				CFCD2D8B1A0CA6E000154B04 /* TestFacebookUserScene.cpp */,
				CFCD2D8C1A0CA6E000154B04 /* TestFacebookUserScene.h */,
			);
			path = TestFacebookUser;
			sourceTree = "<group>";
		};
		CFDE60A71A0DBBCB00C78706 /* TestFacebookShare */ = {
			isa = PBXGroup;
			children = (
				CFDE60A81A0DBBCB00C78706 /* TestFacebookShare.cpp */,
				CFDE60A91A0DBBCB00C78706 /* TestFacebookShare.h */,
			);
			path = TestFacebookShare;
			sourceTree = "<group>";
		};
		CFEFC10C1A6DFB6A00858DA5 /* Products */ = {
			isa = PBXGroup;
			children = (
				CFEFC1111A6DFB6A00858DA5 /* libPluginIAP.a */,
			);
			name = Products;
			sourceTree = "<group>";
		};
		CFEFC1131A6DFE7400858DA5 /* Inapp */ = {
			isa = PBXGroup;
			children = (
				CFEFC1151A6E028000858DA5 /* PurchaseHelper.cpp */,
				CFEFC1161A6E028000858DA5 /* PurchaseHelper.h */,
				CFEFC11F1A6E1C7600858DA5 /* PurchaseTestLayer.cpp */,
				CFEFC1201A6E1C7600858DA5 /* PurchaseTestLayer.h */,
			);
			name = Inapp;
			sourceTree = "<group>";
		};
		CFEFC11B1A6E09D900858DA5 /* Services */ = {
			isa = PBXGroup;
			children = (
				CFEFC11C1A6E0B5400858DA5 /* IosInappHelper.cpp */,
				CFEFC11D1A6E0B5400858DA5 /* IosInappHelper.h */,
			);
			name = Services;
			sourceTree = "<group>";
		};
		CFFE56291A30649400CE2308 /* SqliteTest */ = {
			isa = PBXGroup;
			children = (
				CFFE562F1A3064B300CE2308 /* Test */,
				CFFE562A1A30649400CE2308 /* sqlite3.c */,
				CFFE562B1A30649400CE2308 /* sqlite3.h */,
			);
			path = SqliteTest;
			sourceTree = "<group>";
		};
		CFFE562F1A3064B300CE2308 /* Test */ = {
			isa = PBXGroup;
			children = (
				CF70043B1A36B2B300728153 /* Try */,
				CF1008AE1A354DEA0090DFEF /* SqlRow.cpp */,
				CF1008AF1A354DEA0090DFEF /* SqlRow.h */,
				CF1008B01A354DEA0090DFEF /* SqlType.h */,
				CF1008A31A354DB90090DFEF /* SqlCell.cpp */,
				CF1008A41A354DB90090DFEF /* SqlCell.h */,
				CF1008A51A354DB90090DFEF /* SqlColumn.cpp */,
				CF1008A61A354DB90090DFEF /* SqlColumn.h */,
				CF1008A71A354DB90090DFEF /* SqlObject.cpp */,
				CF1008A81A354DB90090DFEF /* SqlObject.h */,
				CF078F491A31A8720042B5DC /* Sqlite3Helper.cpp */,
				CF078F4A1A31A8720042B5DC /* Sqlite3Helper.h */,
			);
			path = Test;
			sourceTree = "<group>";
		};
/* End PBXGroup section */

/* Begin PBXNativeTarget section */
		1D6058900D05DD3D006BFB54 /* MyTestProject iOS */ = {
			isa = PBXNativeTarget;
			buildConfigurationList = 1D6058960D05DD3E006BFB54 /* Build configuration list for PBXNativeTarget "MyTestProject iOS" */;
			buildPhases = (
				1D60588D0D05DD3D006BFB54 /* Resources */,
				1D60588E0D05DD3D006BFB54 /* Sources */,
				1D60588F0D05DD3D006BFB54 /* Frameworks */,
			);
			buildRules = (
			);
			dependencies = (
				1AC6FB25180E99E1004C840B /* PBXTargetDependency */,
			);
			name = "MyTestProject iOS";
			productName = iphone;
			productReference = 1D6058910D05DD3D006BFB54 /* MyTestProject iOS.app */;
			productType = "com.apple.product-type.application";
		};
		5087E73D17EB910900C73F5D /* MyTestProject Mac */ = {
			isa = PBXNativeTarget;
			buildConfigurationList = 5087E76C17EB910900C73F5D /* Build configuration list for PBXNativeTarget "MyTestProject Mac" */;
			buildPhases = (
				5087E74817EB910900C73F5D /* Resources */,
				5087E75617EB910900C73F5D /* Sources */,
				5087E75C17EB910900C73F5D /* Frameworks */,
			);
			buildRules = (
			);
			dependencies = (
				1AC6FB16180E9959004C840B /* PBXTargetDependency */,
			);
			name = "MyTestProject Mac";
			productName = iphone;
			productReference = 5087E76F17EB910900C73F5D /* MyTestProject Mac.app */;
			productType = "com.apple.product-type.application";
		};
/* End PBXNativeTarget section */

/* Begin PBXProject section */
		29B97313FDCFA39411CA2CEA /* Project object */ = {
			isa = PBXProject;
			attributes = {
				LastUpgradeCheck = 0500;
				TargetAttributes = {
					1D6058900D05DD3D006BFB54 = {
						DevelopmentTeam = MDDB52YB8L;
					};
				};
			};
			buildConfigurationList = C01FCF4E08A954540054247B /* Build configuration list for PBXProject "MyTestProject" */;
			compatibilityVersion = "Xcode 3.2";
			developmentRegion = English;
			hasScannedForEncodings = 1;
			knownRegions = (
				English,
				Japanese,
				French,
				German,
			);
			mainGroup = 29B97314FDCFA39411CA2CEA /* CustomTemplate */;
			projectDirPath = "";
			projectReferences = (
				{
					ProductGroup = 1AC6FAE6180E9839004C840B /* Products */;
					ProjectRef = 1AC6FAE5180E9839004C840B /* cocos2d_libs.xcodeproj */;
				},
				{
					ProductGroup = CF47740A1A6F5DA3005F6B4C /* Products */;
					ProjectRef = CF4774091A6F5DA3005F6B4C /* google-analytics.xcodeproj */;
				},
				{
					ProductGroup = CFCD2D811A0C896700154B04 /* Products */;
					ProjectRef = CFCD2D801A0C896700154B04 /* PluginFacebook.xcodeproj */;
				},
				{
					ProductGroup = CFEFC10C1A6DFB6A00858DA5 /* Products */;
					ProjectRef = CFEFC10B1A6DFB6A00858DA5 /* PluginIAP.xcodeproj */;
				},
				{
					ProductGroup = CF7595881A0CAF7F005A9E46 /* Products */;
					ProjectRef = CF7595871A0CAF7F005A9E46 /* PluginProtocol.xcodeproj */;
				},
			);
			projectRoot = "";
			targets = (
				1D6058900D05DD3D006BFB54 /* MyTestProject iOS */,
				5087E73D17EB910900C73F5D /* MyTestProject Mac */,
			);
		};
/* End PBXProject section */

/* Begin PBXReferenceProxy section */
		1AC6FAF9180E9839004C840B /* libcocos2d Mac.a */ = {
			isa = PBXReferenceProxy;
			fileType = archive.ar;
			path = "libcocos2d Mac.a";
			remoteRef = 1AC6FAF8180E9839004C840B /* PBXContainerItemProxy */;
			sourceTree = BUILT_PRODUCTS_DIR;
		};
		1AC6FB07180E9839004C840B /* libcocos2d iOS.a */ = {
			isa = PBXReferenceProxy;
			fileType = archive.ar;
			path = "libcocos2d iOS.a";
			remoteRef = 1AC6FB06180E9839004C840B /* PBXContainerItemProxy */;
			sourceTree = BUILT_PRODUCTS_DIR;
		};
		CF47740E1A6F5DA4005F6B4C /* libgoogle-analytics.a */ = {
			isa = PBXReferenceProxy;
			fileType = archive.ar;
			path = "libgoogle-analytics.a";
			remoteRef = CF47740D1A6F5DA4005F6B4C /* PBXContainerItemProxy */;
			sourceTree = BUILT_PRODUCTS_DIR;
		};
		CF75958C1A0CAF7F005A9E46 /* libPluginProtocol.a */ = {
			isa = PBXReferenceProxy;
			fileType = archive.ar;
			path = libPluginProtocol.a;
			remoteRef = CF75958B1A0CAF7F005A9E46 /* PBXContainerItemProxy */;
			sourceTree = BUILT_PRODUCTS_DIR;
		};
		CFCD2D851A0C896700154B04 /* libPluginFacebook.a */ = {
			isa = PBXReferenceProxy;
			fileType = archive.ar;
			path = libPluginFacebook.a;
			remoteRef = CFCD2D841A0C896700154B04 /* PBXContainerItemProxy */;
			sourceTree = BUILT_PRODUCTS_DIR;
		};
		CFEFC1111A6DFB6A00858DA5 /* libPluginIAP.a */ = {
			isa = PBXReferenceProxy;
			fileType = archive.ar;
			path = libPluginIAP.a;
			remoteRef = CFEFC1101A6DFB6A00858DA5 /* PBXContainerItemProxy */;
			sourceTree = BUILT_PRODUCTS_DIR;
		};
/* End PBXReferenceProxy section */

/* Begin PBXResourcesBuildPhase section */
		1D60588D0D05DD3D006BFB54 /* Resources */ = {
			isa = PBXResourcesBuildPhase;
			buildActionMask = 2147483647;
			files = (
				5087E78117EB970100C73F5D /* Icon-120.png in Resources */,
				5087E78617EB970100C73F5D /* Icon-76.png in Resources */,
				5087E77F17EB970100C73F5D /* Default@2x.png in Resources */,
				50EF629917ECD46A001EB2F8 /* Icon-100.png in Resources */,
				5087E78317EB970100C73F5D /* Icon-152.png in Resources */,
				46880B7D19C43A67006E1F66 /* CloseSelected.png in Resources */,
				5087E77D17EB970100C73F5D /* Default-568h@2x.png in Resources */,
				CF7004461A36DFED00728153 /* starb.png in Resources */,
				5087E78517EB970100C73F5D /* Icon-72.png in Resources */,
				521A8E6519F0C34300D177D7 /* Default-736h@3x.png in Resources */,
				CFFA82E71A3A87710052C68D /* board.png in Resources */,
				CF7004471A36DFED00728153 /* stary.png in Resources */,
				521A8EA919F11F5000D177D7 /* fonts in Resources */,
				50EF62A317ECD613001EB2F8 /* Icon-50.png in Resources */,
				5087E78017EB970100C73F5D /* Icon-114.png in Resources */,
				50EF62A217ECD613001EB2F8 /* Icon-29.png in Resources */,
				CF52651F1A450AAA00E05B1C /* iphone in Resources */,
				50EF629617ECD46A001EB2F8 /* Icon-40.png in Resources */,
				5087E78217EB970100C73F5D /* Icon-144.png in Resources */,
				3EACC98F19EE6D4300EB3C5E /* res in Resources */,
				50EF629817ECD46A001EB2F8 /* Icon-80.png in Resources */,
				5087E78417EB970100C73F5D /* Icon-57.png in Resources */,
				5087E77E17EB970100C73F5D /* Default.png in Resources */,
				521A8E6419F0C34300D177D7 /* Default-667h@2x.png in Resources */,
				46880B7B19C43A67006E1F66 /* CloseNormal.png in Resources */,
				CF5265231A452A4100E05B1C /* HelloWorld.png in Resources */,
				CF7004451A36DFED00728153 /* square.png in Resources */,
				50EF629717ECD46A001EB2F8 /* Icon-58.png in Resources */,
			);
			runOnlyForDeploymentPostprocessing = 0;
		};
		5087E74817EB910900C73F5D /* Resources */ = {
			isa = PBXResourcesBuildPhase;
			buildActionMask = 2147483647;
			files = (
				503AE0F817EB97AB00D1A890 /* Icon.icns in Resources */,
				3EACC99019EE6D4300EB3C5E /* res in Resources */,
				521A8EAA19F11F5000D177D7 /* fonts in Resources */,
				46880B7C19C43A67006E1F66 /* CloseNormal.png in Resources */,
				46880B7E19C43A67006E1F66 /* CloseSelected.png in Resources */,
			);
			runOnlyForDeploymentPostprocessing = 0;
		};
/* End PBXResourcesBuildPhase section */

/* Begin PBXSourcesBuildPhase section */
		1D60588E0D05DD3D006BFB54 /* Sources */ = {
			isa = PBXSourcesBuildPhase;
			buildActionMask = 2147483647;
			files = (
				CF902D381A37009F00A535B2 /* MainGameLayer.cpp in Sources */,
				CF1008A91A354DB90090DFEF /* SqlCell.cpp in Sources */,
				CF1008AB1A354DB90090DFEF /* SqlObject.cpp in Sources */,
				CF7004411A36B4E300728153 /* MapManager.cpp in Sources */,
				CF70043E1A36B2B300728153 /* SqliteTestScene.cpp in Sources */,
				CFA8EC251A39447B00FABAD3 /* WordLayer.cpp in Sources */,
				46880B8819C43A87006E1F66 /* AppDelegate.cpp in Sources */,
				CFA8EC1D1A3937B700FABAD3 /* LobbyLayerView.cpp in Sources */,
				CF70044A1A36E2E700728153 /* MapAreaLayer.cpp in Sources */,
				CFA8EC131A3936AC00FABAD3 /* TableView.cpp in Sources */,
				CFEFC11E1A6E0B5400858DA5 /* IosInappHelper.cpp in Sources */,
				46880B8A19C43A87006E1F66 /* HelloWorldScene.cpp in Sources */,
				CF1008AA1A354DB90090DFEF /* SqlColumn.cpp in Sources */,
				503AE10017EB989F00D1A890 /* AppController.mm in Sources */,
				CFEFC1211A6E1C7600858DA5 /* PurchaseTestLayer.cpp in Sources */,
				CFA8EC111A3936AC00FABAD3 /* PopupLayer.cpp in Sources */,
				CFDE60AA1A0DBBCB00C78706 /* TestFacebookShare.cpp in Sources */,
				CFA8EC121A3936AC00FABAD3 /* TableLayer.cpp in Sources */,
				CFA8EC0E1A3936AC00FABAD3 /* ILabelSource.cpp in Sources */,
				CFA8EC1C1A3937B700FABAD3 /* LobbyLayerCellView.cpp in Sources */,
				CF078F4B1A31A8720042B5DC /* Sqlite3Helper.cpp in Sources */,
				CFCD2D8D1A0CA6E000154B04 /* TestFacebookUserScene.cpp in Sources */,
				CF1008B11A354DEA0090DFEF /* SqlRow.cpp in Sources */,
				CFEFC1171A6E028000858DA5 /* PurchaseHelper.cpp in Sources */,
				503AE10217EB989F00D1A890 /* RootViewController.mm in Sources */,
				503AE10117EB989F00D1A890 /* main.m in Sources */,
				CFA8EC0F1A3936AC00FABAD3 /* UpdateableLabelTTF.cpp in Sources */,
				CFA8EC101A3936AC00FABAD3 /* CommonLayer.cpp in Sources */,
				CFFE562C1A30649400CE2308 /* sqlite3.c in Sources */,
			);
			runOnlyForDeploymentPostprocessing = 0;
		};
		5087E75617EB910900C73F5D /* Sources */ = {
			isa = PBXSourcesBuildPhase;
			buildActionMask = 2147483647;
			files = (
				46880B8919C43A87006E1F66 /* AppDelegate.cpp in Sources */,
				503AE10517EB98FF00D1A890 /* main.cpp in Sources */,
				46880B8B19C43A87006E1F66 /* HelloWorldScene.cpp in Sources */,
			);
			runOnlyForDeploymentPostprocessing = 0;
		};
/* End PBXSourcesBuildPhase section */

/* Begin PBXTargetDependency section */
		1AC6FB16180E9959004C840B /* PBXTargetDependency */ = {
			isa = PBXTargetDependency;
			name = "cocos2dx Mac";
			targetProxy = 1AC6FB15180E9959004C840B /* PBXContainerItemProxy */;
		};
		1AC6FB25180E99E1004C840B /* PBXTargetDependency */ = {
			isa = PBXTargetDependency;
			name = "cocos2dx iOS";
			targetProxy = 1AC6FB24180E99E1004C840B /* PBXContainerItemProxy */;
		};
/* End PBXTargetDependency section */

/* Begin XCBuildConfiguration section */
		1D6058940D05DD3E006BFB54 /* Debug */ = {
			isa = XCBuildConfiguration;
			buildSettings = {
				ALWAYS_SEARCH_USER_PATHS = YES;
				CODE_SIGN_IDENTITY = "iPhone Developer";
				COMPRESS_PNG_FILES = NO;
				FRAMEWORK_SEARCH_PATHS = (
					"$(inherited)",
					"/Volumes/DATA/Working/GitHub/Cocos2d-x/MyTestProject/cocos2d/plugin/plugins/facebook/proj.ios/sdk",
				);
				GCC_DYNAMIC_NO_PIC = NO;
				GCC_INLINES_ARE_PRIVATE_EXTERN = NO;
				GCC_PRECOMPILE_PREFIX_HEADER = YES;
				GCC_PREFIX_HEADER = ios/Prefix.pch;
				GCC_PREPROCESSOR_DEFINITIONS = (
					USE_FILE32API,
					CC_TARGET_OS_IPHONE,
					"COCOS2D_DEBUG=1",
					"CC_ENABLE_CHIPMUNK_INTEGRATION=1",
				);
				GCC_SYMBOLS_PRIVATE_EXTERN = NO;
				HEADER_SEARCH_PATHS = (
					"$(inherited)",
					"$(SRCROOT)/../cocos2d/cocos/platform/ios",
					"$(SRCROOT)/../cocos2d/cocos/platform/ios/Simulation",
					"$(SRCROOT)/../cocos2d/plugin/protocols/include",
					"$(SRCROOT)/../cocos2d/plugin/plugins/facebook/proj.ios/PluginFacebook",
					"$(SRCROOT)/../libraries/google-analytics/include",
				);
				INFOPLIST_FILE = ios/Info.plist;
				IPHONEOS_DEPLOYMENT_TARGET = 5.0;
				LIBRARY_SEARCH_PATHS = "";
				OTHER_LDFLAGS = "-ObjC";
				PROVISIONING_PROFILE = "2b494a91-6b99-44e9-8ec3-fb1a5bcd4c05";
				SDKROOT = iphoneos;
				TARGETED_DEVICE_FAMILY = "1,2";
				USER_HEADER_SEARCH_PATHS = "";
				VALID_ARCHS = "arm64 armv7";
			};
			name = Debug;
		};
		1D6058950D05DD3E006BFB54 /* Release */ = {
			isa = XCBuildConfiguration;
			buildSettings = {
				ALWAYS_SEARCH_USER_PATHS = YES;
				CODE_SIGN_IDENTITY = "iPhone Developer";
				COMPRESS_PNG_FILES = NO;
				FRAMEWORK_SEARCH_PATHS = (
					"$(inherited)",
					"/Volumes/DATA/Working/GitHub/Cocos2d-x/MyTestProject/cocos2d/plugin/plugins/facebook/proj.ios/sdk",
				);
				GCC_INLINES_ARE_PRIVATE_EXTERN = NO;
				GCC_PRECOMPILE_PREFIX_HEADER = YES;
				GCC_PREFIX_HEADER = ios/Prefix.pch;
				GCC_PREPROCESSOR_DEFINITIONS = (
					USE_FILE32API,
					CC_TARGET_OS_IPHONE,
					"CC_ENABLE_CHIPMUNK_INTEGRATION=1",
				);
				GCC_SYMBOLS_PRIVATE_EXTERN = NO;
				HEADER_SEARCH_PATHS = (
					"$(inherited)",
					"$(SRCROOT)/../cocos2d/cocos/platform/ios",
					"$(SRCROOT)/../cocos2d/cocos/platform/ios/Simulation",
					"$(SRCROOT)/../cocos2d/plugin/protocols/include",
					"$(SRCROOT)/../cocos2d/plugin/plugins/facebook/proj.ios/PluginFacebook",
					"$(SRCROOT)/../libraries/google-analytics/include",
				);
				INFOPLIST_FILE = ios/Info.plist;
				IPHONEOS_DEPLOYMENT_TARGET = 5.0;
				LIBRARY_SEARCH_PATHS = "";
				OTHER_LDFLAGS = "-ObjC";
				SDKROOT = iphoneos;
				TARGETED_DEVICE_FAMILY = "1,2";
				USER_HEADER_SEARCH_PATHS = "";
				VALID_ARCHS = "arm64 armv7";
			};
			name = Release;
		};
		5087E76D17EB910900C73F5D /* Debug */ = {
			isa = XCBuildConfiguration;
			buildSettings = {
				ALWAYS_SEARCH_USER_PATHS = YES;
				ARCHS = "$(ARCHS_STANDARD_64_BIT)";
				CLANG_CXX_LANGUAGE_STANDARD = "c++0x";
				CLANG_CXX_LIBRARY = "libc++";
				GCC_DYNAMIC_NO_PIC = NO;
				GCC_INLINES_ARE_PRIVATE_EXTERN = NO;
				GCC_PRECOMPILE_PREFIX_HEADER = YES;
				GCC_PREFIX_HEADER = mac/Prefix.pch;
				GCC_PREPROCESSOR_DEFINITIONS = (
					USE_FILE32API,
					CC_TARGET_OS_MAC,
					"COCOS2D_DEBUG=1",
					"CC_ENABLE_CHIPMUNK_INTEGRATION=1",
				);
				GCC_SYMBOLS_PRIVATE_EXTERN = NO;
				HEADER_SEARCH_PATHS = (
					"$(inherited)",
					"$(SRCROOT)/../cocos2d/cocos/platform/mac",
					"$(SRCROOT)/../cocos2d/external/glfw3/include/mac",
				);
				INFOPLIST_FILE = mac/Info.plist;
				LIBRARY_SEARCH_PATHS = "";
				USER_HEADER_SEARCH_PATHS = "";
			};
			name = Debug;
		};
		5087E76E17EB910900C73F5D /* Release */ = {
			isa = XCBuildConfiguration;
			buildSettings = {
				ALWAYS_SEARCH_USER_PATHS = YES;
				ARCHS = "$(ARCHS_STANDARD_64_BIT)";
				CLANG_CXX_LANGUAGE_STANDARD = "c++0x";
				CLANG_CXX_LIBRARY = "libc++";
				GCC_INLINES_ARE_PRIVATE_EXTERN = NO;
				GCC_PRECOMPILE_PREFIX_HEADER = YES;
				GCC_PREFIX_HEADER = mac/Prefix.pch;
				GCC_PREPROCESSOR_DEFINITIONS = (
					USE_FILE32API,
					CC_TARGET_OS_MAC,
					"CC_ENABLE_CHIPMUNK_INTEGRATION=1",
				);
				GCC_SYMBOLS_PRIVATE_EXTERN = NO;
				HEADER_SEARCH_PATHS = (
					"$(inherited)",
					"$(SRCROOT)/../cocos2d/cocos/platform/mac",
					"$(SRCROOT)/../cocos2d/external/glfw3/include/mac",
				);
				INFOPLIST_FILE = mac/Info.plist;
				LIBRARY_SEARCH_PATHS = "";
				USER_HEADER_SEARCH_PATHS = "";
			};
			name = Release;
		};
		C01FCF4F08A954540054247B /* Debug */ = {
			isa = XCBuildConfiguration;
			buildSettings = {
				CLANG_CXX_LANGUAGE_STANDARD = "c++0x";
				CLANG_CXX_LIBRARY = "libc++";
				COPY_PHASE_STRIP = NO;
				GCC_OPTIMIZATION_LEVEL = 0;
				GCC_WARN_ABOUT_RETURN_TYPE = YES;
				GCC_WARN_UNUSED_VARIABLE = YES;
				HEADER_SEARCH_PATHS = (
					"$(SRCROOT)/../cocos2d",
					"$(SRCROOT)/../cocos2d/cocos",
					"$(SRCROOT)/../cocos2d/cocos/base",
					"$(SRCROOT)/../cocos2d/cocos/physics",
					"$(SRCROOT)/../cocos2d/cocos/math",
					"$(SRCROOT)/../cocos2d/cocos/2d",
					"$(SRCROOT)/../cocos2d/cocos/ui",
					"$(SRCROOT)/../cocos2d/cocos/network",
					"$(SRCROOT)/../cocos2d/cocos/audio/include",
					"$(SRCROOT)/../cocos2d/cocos/editor-support",
					"$(SRCROOT)/../cocos2d/extensions",
					"$(SRCROOT)/../cocos2d/external",
					"$(SRCROOT)/../cocos2d/external/chipmunk/include/chipmunk",
				);
				MACOSX_DEPLOYMENT_TARGET = 10.7;
				ONLY_ACTIVE_ARCH = YES;
				PRODUCT_NAME = "$(TARGET_NAME)";
				SDKROOT = macosx;
			};
			name = Debug;
		};
		C01FCF5008A954540054247B /* Release */ = {
			isa = XCBuildConfiguration;
			buildSettings = {
				CLANG_CXX_LANGUAGE_STANDARD = "c++0x";
				CLANG_CXX_LIBRARY = "libc++";
				GCC_WARN_ABOUT_RETURN_TYPE = YES;
				GCC_WARN_UNUSED_VARIABLE = YES;
				HEADER_SEARCH_PATHS = (
					"$(SRCROOT)/../cocos2d",
					"$(SRCROOT)/../cocos2d/cocos",
					"$(SRCROOT)/../cocos2d/cocos/base",
					"$(SRCROOT)/../cocos2d/cocos/physics",
					"$(SRCROOT)/../cocos2d/cocos/math",
					"$(SRCROOT)/../cocos2d/cocos/2d",
					"$(SRCROOT)/../cocos2d/cocos/ui",
					"$(SRCROOT)/../cocos2d/cocos/network",
					"$(SRCROOT)/../cocos2d/cocos/audio/include",
					"$(SRCROOT)/../cocos2d/cocos/editor-support",
					"$(SRCROOT)/../cocos2d/extensions",
					"$(SRCROOT)/../cocos2d/external",
					"$(SRCROOT)/../cocos2d/external/chipmunk/include/chipmunk",
				);
				MACOSX_DEPLOYMENT_TARGET = 10.7;
				OTHER_CFLAGS = "-DNS_BLOCK_ASSERTIONS=1";
				PRODUCT_NAME = "$(TARGET_NAME)";
				SDKROOT = macosx;
				VALIDATE_PRODUCT = YES;
			};
			name = Release;
		};
/* End XCBuildConfiguration section */

/* Begin XCConfigurationList section */
		1D6058960D05DD3E006BFB54 /* Build configuration list for PBXNativeTarget "MyTestProject iOS" */ = {
			isa = XCConfigurationList;
			buildConfigurations = (
				1D6058940D05DD3E006BFB54 /* Debug */,
				1D6058950D05DD3E006BFB54 /* Release */,
			);
			defaultConfigurationIsVisible = 0;
			defaultConfigurationName = Debug;
		};
		5087E76C17EB910900C73F5D /* Build configuration list for PBXNativeTarget "MyTestProject Mac" */ = {
			isa = XCConfigurationList;
			buildConfigurations = (
				5087E76D17EB910900C73F5D /* Debug */,
				5087E76E17EB910900C73F5D /* Release */,
			);
			defaultConfigurationIsVisible = 0;
			defaultConfigurationName = Debug;
		};
		C01FCF4E08A954540054247B /* Build configuration list for PBXProject "MyTestProject" */ = {
			isa = XCConfigurationList;
			buildConfigurations = (
				C01FCF4F08A954540054247B /* Debug */,
				C01FCF5008A954540054247B /* Release */,
			);
			defaultConfigurationIsVisible = 0;
			defaultConfigurationName = Debug;
		};
/* End XCConfigurationList section */
	};
	rootObject = 29B97313FDCFA39411CA2CEA /* Project object */;
}
