// !$*UTF8*$!
{
	archiveVersion = 1;
	classes = {
	};
	objectVersion = 46;
	objects = {

/* Begin PBXBuildFile section */
		CF650B871A1ADAFD0065F968 /* main.cpp in Sources */ = {isa = PBXBuildFile; fileRef = CF650B861A1ADAFD0065F968 /* main.cpp */; };
		CF650BA01A1ADB950065F968 /* Board.cpp in Sources */ = {isa = PBXBuildFile; fileRef = CF650B971A1ADB950065F968 /* Board.cpp */; };
		CF650BA11A1ADB950065F968 /* Program.cpp in Sources */ = {isa = PBXBuildFile; fileRef = CF650B9A1A1ADB950065F968 /* Program.cpp */; };
		CF650BA21A1ADB950065F968 /* TichTacToeGame.cpp in Sources */ = {isa = PBXBuildFile; fileRef = CF650B9B1A1ADB950065F968 /* TichTacToeGame.cpp */; };
		CF650BA31A1ADB950065F968 /* Transform.cpp in Sources */ = {isa = PBXBuildFile; fileRef = CF650B9E1A1ADB950065F968 /* Transform.cpp */; };
/* End PBXBuildFile section */

/* Begin PBXCopyFilesBuildPhase section */
		CF650B811A1ADAFD0065F968 /* CopyFiles */ = {
			isa = PBXCopyFilesBuildPhase;
			buildActionMask = 2147483647;
			dstPath = /usr/share/man/man1/;
			dstSubfolderSpec = 0;
			files = (
			);
			runOnlyForDeploymentPostprocessing = 1;
		};
/* End PBXCopyFilesBuildPhase section */

/* Begin PBXFileReference section */
		CF650B831A1ADAFD0065F968 /* TicTacToe */ = {isa = PBXFileReference; explicitFileType = "compiled.mach-o.executable"; includeInIndex = 0; path = TicTacToe; sourceTree = BUILT_PRODUCTS_DIR; };
		CF650B861A1ADAFD0065F968 /* main.cpp */ = {isa = PBXFileReference; lastKnownFileType = sourcecode.cpp.cpp; path = main.cpp; sourceTree = "<group>"; };
		CF650B971A1ADB950065F968 /* Board.cpp */ = {isa = PBXFileReference; fileEncoding = 4; lastKnownFileType = sourcecode.cpp.cpp; path = Board.cpp; sourceTree = "<group>"; };
		CF650B981A1ADB950065F968 /* Board.h */ = {isa = PBXFileReference; fileEncoding = 4; lastKnownFileType = sourcecode.c.h; path = Board.h; sourceTree = "<group>"; };
		CF650B991A1ADB950065F968 /* Point.h */ = {isa = PBXFileReference; fileEncoding = 4; lastKnownFileType = sourcecode.c.h; path = Point.h; sourceTree = "<group>"; };
		CF650B9A1A1ADB950065F968 /* Program.cpp */ = {isa = PBXFileReference; fileEncoding = 4; lastKnownFileType = sourcecode.cpp.cpp; path = Program.cpp; sourceTree = "<group>"; };
		CF650B9B1A1ADB950065F968 /* TichTacToeGame.cpp */ = {isa = PBXFileReference; fileEncoding = 4; lastKnownFileType = sourcecode.cpp.cpp; path = TichTacToeGame.cpp; sourceTree = "<group>"; };
		CF650B9C1A1ADB950065F968 /* TichTacToeGame.h */ = {isa = PBXFileReference; fileEncoding = 4; lastKnownFileType = sourcecode.c.h; path = TichTacToeGame.h; sourceTree = "<group>"; };
		CF650B9D1A1ADB950065F968 /* TicTacToe.h */ = {isa = PBXFileReference; fileEncoding = 4; lastKnownFileType = sourcecode.c.h; path = TicTacToe.h; sourceTree = "<group>"; };
		CF650B9E1A1ADB950065F968 /* Transform.cpp */ = {isa = PBXFileReference; fileEncoding = 4; lastKnownFileType = sourcecode.cpp.cpp; path = Transform.cpp; sourceTree = "<group>"; };
		CF650B9F1A1ADB950065F968 /* Transform.h */ = {isa = PBXFileReference; fileEncoding = 4; lastKnownFileType = sourcecode.c.h; path = Transform.h; sourceTree = "<group>"; };
/* End PBXFileReference section */

/* Begin PBXFrameworksBuildPhase section */
		CF650B801A1ADAFD0065F968 /* Frameworks */ = {
			isa = PBXFrameworksBuildPhase;
			buildActionMask = 2147483647;
			files = (
			);
			runOnlyForDeploymentPostprocessing = 0;
		};
/* End PBXFrameworksBuildPhase section */

/* Begin PBXGroup section */
		CF650B7A1A1ADAFD0065F968 = {
			isa = PBXGroup;
			children = (
				CF650B851A1ADAFD0065F968 /* TicTacToe */,
				CF650B841A1ADAFD0065F968 /* Products */,
			);
			sourceTree = "<group>";
		};
		CF650B841A1ADAFD0065F968 /* Products */ = {
			isa = PBXGroup;
			children = (
				CF650B831A1ADAFD0065F968 /* TicTacToe */,
			);
			name = Products;
			sourceTree = "<group>";
		};
		CF650B851A1ADAFD0065F968 /* TicTacToe */ = {
			isa = PBXGroup;
			children = (
				CF650B971A1ADB950065F968 /* Board.cpp */,
				CF650B981A1ADB950065F968 /* Board.h */,
				CF650B991A1ADB950065F968 /* Point.h */,
				CF650B9A1A1ADB950065F968 /* Program.cpp */,
				CF650B9B1A1ADB950065F968 /* TichTacToeGame.cpp */,
				CF650B9C1A1ADB950065F968 /* TichTacToeGame.h */,
				CF650B9D1A1ADB950065F968 /* TicTacToe.h */,
				CF650B9E1A1ADB950065F968 /* Transform.cpp */,
				CF650B9F1A1ADB950065F968 /* Transform.h */,
				CF650B861A1ADAFD0065F968 /* main.cpp */,
			);
			path = TicTacToe;
			sourceTree = "<group>";
		};
/* End PBXGroup section */

/* Begin PBXNativeTarget section */
		CF650B821A1ADAFD0065F968 /* TicTacToe */ = {
			isa = PBXNativeTarget;
			buildConfigurationList = CF650B8A1A1ADAFD0065F968 /* Build configuration list for PBXNativeTarget "TicTacToe" */;
			buildPhases = (
				CF650B7F1A1ADAFD0065F968 /* Sources */,
				CF650B801A1ADAFD0065F968 /* Frameworks */,
				CF650B811A1ADAFD0065F968 /* CopyFiles */,
			);
			buildRules = (
			);
			dependencies = (
			);
			name = TicTacToe;
			productName = TicTacToe;
			productReference = CF650B831A1ADAFD0065F968 /* TicTacToe */;
			productType = "com.apple.product-type.tool";
		};
/* End PBXNativeTarget section */

/* Begin PBXProject section */
		CF650B7B1A1ADAFD0065F968 /* Project object */ = {
			isa = PBXProject;
			attributes = {
				LastUpgradeCheck = 0610;
				ORGANIZATIONNAME = "Dung Ta Van";
				TargetAttributes = {
					CF650B821A1ADAFD0065F968 = {
						CreatedOnToolsVersion = 6.1;
					};
				};
			};
			buildConfigurationList = CF650B7E1A1ADAFD0065F968 /* Build configuration list for PBXProject "TicTacToe" */;
			compatibilityVersion = "Xcode 3.2";
			developmentRegion = English;
			hasScannedForEncodings = 0;
			knownRegions = (
				en,
			);
			mainGroup = CF650B7A1A1ADAFD0065F968;
			productRefGroup = CF650B841A1ADAFD0065F968 /* Products */;
			projectDirPath = "";
			projectRoot = "";
			targets = (
				CF650B821A1ADAFD0065F968 /* TicTacToe */,
			);
		};
/* End PBXProject section */

/* Begin PBXSourcesBuildPhase section */
		CF650B7F1A1ADAFD0065F968 /* Sources */ = {
			isa = PBXSourcesBuildPhase;
			buildActionMask = 2147483647;
			files = (
				CF650BA31A1ADB950065F968 /* Transform.cpp in Sources */,
				CF650BA11A1ADB950065F968 /* Program.cpp in Sources */,
				CF650BA21A1ADB950065F968 /* TichTacToeGame.cpp in Sources */,
				CF650BA01A1ADB950065F968 /* Board.cpp in Sources */,
				CF650B871A1ADAFD0065F968 /* main.cpp in Sources */,
			);
			runOnlyForDeploymentPostprocessing = 0;
		};
/* End PBXSourcesBuildPhase section */

/* Begin XCBuildConfiguration section */
		CF650B881A1ADAFD0065F968 /* Debug */ = {
			isa = XCBuildConfiguration;
			buildSettings = {
				ALWAYS_SEARCH_USER_PATHS = NO;
				CLANG_CXX_LANGUAGE_STANDARD = "gnu++0x";
				CLANG_CXX_LIBRARY = "libc++";
				CLANG_ENABLE_MODULES = YES;
				CLANG_ENABLE_OBJC_ARC = YES;
				CLANG_WARN_BOOL_CONVERSION = YES;
				CLANG_WARN_CONSTANT_CONVERSION = YES;
				CLANG_WARN_DIRECT_OBJC_ISA_USAGE = YES_ERROR;
				CLANG_WARN_EMPTY_BODY = YES;
				CLANG_WARN_ENUM_CONVERSION = YES;
				CLANG_WARN_INT_CONVERSION = YES;
				CLANG_WARN_OBJC_ROOT_CLASS = YES_ERROR;
				CLANG_WARN_UNREACHABLE_CODE = YES;
				CLANG_WARN__DUPLICATE_METHOD_MATCH = YES;
				COPY_PHASE_STRIP = NO;
				ENABLE_STRICT_OBJC_MSGSEND = YES;
				GCC_C_LANGUAGE_STANDARD = gnu99;
				GCC_DYNAMIC_NO_PIC = NO;
				GCC_OPTIMIZATION_LEVEL = 0;
				GCC_PREPROCESSOR_DEFINITIONS = (
					"DEBUG=1",
					"$(inherited)",
				);
				GCC_SYMBOLS_PRIVATE_EXTERN = NO;
				GCC_WARN_64_TO_32_BIT_CONVERSION = YES;
				GCC_WARN_ABOUT_RETURN_TYPE = YES_ERROR;
				GCC_WARN_UNDECLARED_SELECTOR = YES;
				GCC_WARN_UNINITIALIZED_AUTOS = YES_AGGRESSIVE;
				GCC_WARN_UNUSED_FUNCTION = YES;
				GCC_WARN_UNUSED_VARIABLE = YES;
				MACOSX_DEPLOYMENT_TARGET = 10.9;
				MTL_ENABLE_DEBUG_INFO = YES;
				ONLY_ACTIVE_ARCH = YES;
				SDKROOT = macosx;
			};
			name = Debug;
		};
		CF650B891A1ADAFD0065F968 /* Release */ = {
			isa = XCBuildConfiguration;
			buildSettings = {
				ALWAYS_SEARCH_USER_PATHS = NO;
				CLANG_CXX_LANGUAGE_STANDARD = "gnu++0x";
				CLANG_CXX_LIBRARY = "libc++";
				CLANG_ENABLE_MODULES = YES;
				CLANG_ENABLE_OBJC_ARC = YES;
				CLANG_WARN_BOOL_CONVERSION = YES;
				CLANG_WARN_CONSTANT_CONVERSION = YES;
				CLANG_WARN_DIRECT_OBJC_ISA_USAGE = YES_ERROR;
				CLANG_WARN_EMPTY_BODY = YES;
				CLANG_WARN_ENUM_CONVERSION = YES;
				CLANG_WARN_INT_CONVERSION = YES;
				CLANG_WARN_OBJC_ROOT_CLASS = YES_ERROR;
				CLANG_WARN_UNREACHABLE_CODE = YES;
				CLANG_WARN__DUPLICATE_METHOD_MATCH = YES;
				COPY_PHASE_STRIP = YES;
				DEBUG_INFORMATION_FORMAT = "dwarf-with-dsym";
				ENABLE_NS_ASSERTIONS = NO;
				ENABLE_STRICT_OBJC_MSGSEND = YES;
				GCC_C_LANGUAGE_STANDARD = gnu99;
				GCC_WARN_64_TO_32_BIT_CONVERSION = YES;
				GCC_WARN_ABOUT_RETURN_TYPE = YES_ERROR;
				GCC_WARN_UNDECLARED_SELECTOR = YES;
				GCC_WARN_UNINITIALIZED_AUTOS = YES_AGGRESSIVE;
				GCC_WARN_UNUSED_FUNCTION = YES;
				GCC_WARN_UNUSED_VARIABLE = YES;
				MACOSX_DEPLOYMENT_TARGET = 10.9;
				MTL_ENABLE_DEBUG_INFO = NO;
				SDKROOT = macosx;
			};
			name = Release;
		};
		CF650B8B1A1ADAFD0065F968 /* Debug */ = {
			isa = XCBuildConfiguration;
			buildSettings = {
				PRODUCT_NAME = "$(TARGET_NAME)";
			};
			name = Debug;
		};
		CF650B8C1A1ADAFD0065F968 /* Release */ = {
			isa = XCBuildConfiguration;
			buildSettings = {
				PRODUCT_NAME = "$(TARGET_NAME)";
			};
			name = Release;
		};
/* End XCBuildConfiguration section */

/* Begin XCConfigurationList section */
		CF650B7E1A1ADAFD0065F968 /* Build configuration list for PBXProject "TicTacToe" */ = {
			isa = XCConfigurationList;
			buildConfigurations = (
				CF650B881A1ADAFD0065F968 /* Debug */,
				CF650B891A1ADAFD0065F968 /* Release */,
			);
			defaultConfigurationIsVisible = 0;
			defaultConfigurationName = Release;
		};
		CF650B8A1A1ADAFD0065F968 /* Build configuration list for PBXNativeTarget "TicTacToe" */ = {
			isa = XCConfigurationList;
			buildConfigurations = (
				CF650B8B1A1ADAFD0065F968 /* Debug */,
				CF650B8C1A1ADAFD0065F968 /* Release */,
			);
			defaultConfigurationIsVisible = 0;
		};
/* End XCConfigurationList section */
	};
	rootObject = CF650B7B1A1ADAFD0065F968 /* Project object */;
}
